
Microsoft Visual Studio Solution File, Format Version 12.00
# Visual Studio Version 17
VisualStudioVersion = 17.5.002.0
MinimumVisualStudioVersion = 10.0.40219.1
Project("{9A19103F-16F7-4668-BE54-9A1E7A4F7556}") = "StreamLoadTest", "StreamLoadTest\StreamLoadTest.csproj", "{6B69302E-4F3E-480D-8CC0-52933C448C1C}"
EndProject
Project("{9A19103F-16F7-4668-BE54-9A1E7A4F7556}") = "UrlLoadTest", "UrlLoadTest\UrlLoadTest.csproj", "{23A30C13-8349-4A04-864F-8AB3C3164F7C}"
EndProject
Project("{2150E333-8FDC-42A3-9474-1A3956D46DE8}") = "AnnotationImportExportTest", "AnnotationImportExportTest", "{7935FACE-83C9-4099-8C89-2D3A12C85E61}"
EndProject
Project("{9A19103F-16F7-4668-BE54-9A1E7A4F7556}") = "AnnotationImportExportTest", "AnnotationImportExportTest\CS\AnnotationImportExportTest.csproj", "{21F300DE-B152-42D4-BDEF-05875C046714}"
EndProject
Project("{2150E333-8FDC-42A3-9474-1A3956D46DE8}") = "AnnotationTest", "AnnotationTest", "{57EEE718-C2CE-4337-8D33-6AA00B2AAD81}"
EndProject
Project("{9A19103F-16F7-4668-BE54-9A1E7A4F7556}") = "AnnotationTest", "AnnotationTest\CS\AnnotationTest.csproj", "{36E5B53A-9256-488C-9E88-5E1968CA249E}"
EndProject
Project("{2150E333-8FDC-42A3-9474-1A3956D46DE8}") = "BackgroundTest", "BackgroundTest", "{1B582A82-6BCD-403A-BCE5-29722C8285F0}"
EndProject
Project("{9A19103F-16F7-4668-BE54-9A1E7A4F7556}") = "BackgroundTest", "BackgroundTest\CS\BackgroundTest.csproj", "{9CA98D01-B356-482D-B288-4AE4FF0854A4}"
EndProject
Project("{2150E333-8FDC-42A3-9474-1A3956D46DE8}") = "BatesTest", "BatesTest", "{AFE277E5-5E9D-4482-9EF9-709B28C9DD96}"
EndProject
Project("{9A19103F-16F7-4668-BE54-9A1E7A4F7556}") = "BatesTest", "BatesTest\CS\BatesTest.csproj", "{729EE3AE-4E89-4E8D-A6E1-C7441DCDC51E}"
EndProject
Project("{2150E333-8FDC-42A3-9474-1A3956D46DE8}") = "BookmarkTest", "BookmarkTest", "{909A8AE0-84CD-46D3-9CDD-B3F094047907}"
EndProject
Project("{9A19103F-16F7-4668-BE54-9A1E7A4F7556}") = "BookmarkTest", "BookmarkTest\CS\BookmarkTest.csproj", "{AE0521DF-A80D-4C29-B417-EF3A049CED61}"
EndProject
Project("{2150E333-8FDC-42A3-9474-1A3956D46DE8}") = "DigitalSignatureTest", "DigitalSignatureTest", "{AEA0FEB3-48A8-4696-9392-52060C8062F1}"
EndProject
Project("{9A19103F-16F7-4668-BE54-9A1E7A4F7556}") = "DigitalSignatureTest", "DigitalSignatureTest\CS\DigitalSignatureTest.csproj", "{1525FEED-BE9C-49D1-9183-E19FA2A76370}"
EndProject
Project("{2150E333-8FDC-42A3-9474-1A3956D46DE8}") = "DocumentCompareTest", "DocumentCompareTest", "{F33A2CEF-902F-436A-8E53-A427FCD9817B}"
EndProject
Project("{9A19103F-16F7-4668-BE54-9A1E7A4F7556}") = "DocumentCompareTest", "DocumentCompareTest\CS\DocumentCompareTest.csproj", "{D49A54DE-672B-40D7-9B87-D6EF6EE2B572}"
EndProject
Project("{2150E333-8FDC-42A3-9474-1A3956D46DE8}") = "DocumentInfoTest", "DocumentInfoTest", "{72C08C43-1003-4D3A-9142-66DFCD3E6240}"
EndProject
Project("{9A19103F-16F7-4668-BE54-9A1E7A4F7556}") = "DocumentInfoTest", "DocumentInfoTest\CS\DocumentInfoTest.csproj", "{B0B190B1-C6AA-42CF-9469-4B90B0E8F051}"
EndProject
Project("{2150E333-8FDC-42A3-9474-1A3956D46DE8}") = "EncryptTest", "EncryptTest", "{D61292B1-346D-4D74-8504-0B0EA6A5C705}"
EndProject
Project("{9A19103F-16F7-4668-BE54-9A1E7A4F7556}") = "EncryptTest", "EncryptTest\CS\EncryptTest.csproj", "{0DE54A16-41C8-4F66-9C2C-35F667458758}"
EndProject
Project("{2150E333-8FDC-42A3-9474-1A3956D46DE8}") = "FlattenTest", "FlattenTest", "{47A8B95B-93EA-4044-A66C-A95B3FA1FB04}"
EndProject
Project("{9A19103F-16F7-4668-BE54-9A1E7A4F7556}") = "FlattenTest", "FlattenTest\CS\FlattenTest.csproj", "{BEF003F3-8DFB-4180-B613-4B9EB27DD11B}"
EndProject
Project("{2150E333-8FDC-42A3-9474-1A3956D46DE8}") = "HeaderFooterTest", "HeaderFooterTest", "{57EAD572-83C0-4158-90A6-D70791D9671D}"
EndProject
Project("{9A19103F-16F7-4668-BE54-9A1E7A4F7556}") = "HeaderFooterTest", "HeaderFooterTest\CS\HeaderFooterTest.csproj", "{F401B69A-AB3C-4D62-9F45-422D53664002}"
EndProject
Project("{2150E333-8FDC-42A3-9474-1A3956D46DE8}") = "ImageExtractTest", "ImageExtractTest", "{D660CFB9-FCC4-4B3B-B32A-244418FA3DF2}"
EndProject
Project("{9A19103F-16F7-4668-BE54-9A1E7A4F7556}") = "ImageExtractTest", "ImageExtractTest\CS\ImageExtractTest.csproj", "{88D6E10A-B2A0-4435-8157-F6AD8CA68982}"
EndProject
Project("{2150E333-8FDC-42A3-9474-1A3956D46DE8}") = "InteractiveFormsTest", "InteractiveFormsTest", "{700FDFD3-E5A0-422A-957C-A54F3956422C}"
EndProject
Project("{9A19103F-16F7-4668-BE54-9A1E7A4F7556}") = "InteractiveFormsTest", "InteractiveFormsTest\CS\InteractiveFormsTest.csproj", "{6DC2304D-BEF8-4656-A206-352631E15E2B}"
EndProject
Project("{2150E333-8FDC-42A3-9474-1A3956D46DE8}") = "OutlineTest", "OutlineTest", "{B4147B9B-DD1D-41D3-A9C5-E92D4E5C7DE0}"
EndProject
Project("{9A19103F-16F7-4668-BE54-9A1E7A4F7556}") = "OutlineTest", "OutlineTest\CS\OutlineTest.csproj", "{CC528195-2250-4447-8531-0D064837D2F3}"
EndProject
Project("{2150E333-8FDC-42A3-9474-1A3956D46DE8}") = "PDFATest", "PDFATest", "{C316DB2C-7BBA-4F10-810E-0E7C5F125B1F}"
EndProject
Project("{9A19103F-16F7-4668-BE54-9A1E7A4F7556}") = "PDFATest", "PDFATest\CS\PDFATest.csproj", "{2FAD93CA-08E7-4229-99FB-11041E721B2E}"
EndProject
Project("{2150E333-8FDC-42A3-9474-1A3956D46DE8}") = "PDFPageTest", "PDFPageTest", "{4D7A6B15-7E58-4A41-8A46-1A57FE011DF6}"
EndProject
Project("{9A19103F-16F7-4668-BE54-9A1E7A4F7556}") = "PDFPageTest", "PDFPageTest\CS\PDFPageTest.csproj", "{87723C16-7B73-4946-A00D-233BAFCC139C}"
EndProject
Project("{2150E333-8FDC-42A3-9474-1A3956D46DE8}") = "PDFRedactTest", "PDFRedactTest", "{3B419B87-9F2C-44AE-80C9-02CF0884D061}"
EndProject
Project("{9A19103F-16F7-4668-BE54-9A1E7A4F7556}") = "PDFRedactTest", "PDFRedactTest\CS\PDFRedactTest.csproj", "{E3B417B9-7548-40D4-9AB7-2FF4348CB53B}"
EndProject
Project("{2150E333-8FDC-42A3-9474-1A3956D46DE8}") = "PDFToImageTest", "PDFToImageTest", "{6BD31062-1023-4BE0-9484-D8D42A197F2A}"
EndProject
Project("{9A19103F-16F7-4668-BE54-9A1E7A4F7556}") = "PDFToImageTest", "PDFToImageTest\CS\PDFToImageTest.csproj", "{5E4BABC0-23D6-4B73-8B89-19AD495B5906}"
EndProject
Project("{2150E333-8FDC-42A3-9474-1A3956D46DE8}") = "TextExtractTest", "TextExtractTest", "{1F47644D-B4AE-456B-9696-B1E68AA94EFB}"
EndProject
Project("{9A19103F-16F7-4668-BE54-9A1E7A4F7556}") = "TextExtractTest", "TextExtractTest\CS\TextExtractTest.csproj", "{8AB627CE-5E76-4DF0-817A-F4F521CF1824}"
EndProject
Project("{2150E333-8FDC-42A3-9474-1A3956D46DE8}") = "TextSearchTest", "TextSearchTest", "{57841B05-182A-47DC-95E5-8DD92473E38C}"
EndProject
Project("{9A19103F-16F7-4668-BE54-9A1E7A4F7556}") = "TextSearchTest", "TextSearchTest\CS\TextSearchTest.csproj", "{39FF28AE-3F41-464B-8CB7-26DA832471DC}"
EndProject
Project("{2150E333-8FDC-42A3-9474-1A3956D46DE8}") = "WatermarkTest", "WatermarkTest", "{032D18EC-1177-4C8E-883F-28D38D52028D}"
EndProject
Project("{9A19103F-16F7-4668-BE54-9A1E7A4F7556}") = "WatermarkTest", "WatermarkTest\CS\WatermarkTest.csproj", "{97FCD03D-1BB0-46A8-A8E2-F521376DD5BC}"
EndProject
Global
	GlobalSection(SolutionConfigurationPlatforms) = preSolution
		Debug|Any CPU = Debug|Any CPU
		Release|Any CPU = Release|Any CPU
	EndGlobalSection
	GlobalSection(ProjectConfigurationPlatforms) = postSolution
		{6B69302E-4F3E-480D-8CC0-52933C448C1C}.Debug|Any CPU.ActiveCfg = Debug|Any CPU
		{6B69302E-4F3E-480D-8CC0-52933C448C1C}.Debug|Any CPU.Build.0 = Debug|Any CPU
		{6B69302E-4F3E-480D-8CC0-52933C448C1C}.Release|Any CPU.ActiveCfg = Release|Any CPU
		{6B69302E-4F3E-480D-8CC0-52933C448C1C}.Release|Any CPU.Build.0 = Release|Any CPU
		{23A30C13-8349-4A04-864F-8AB3C3164F7C}.Debug|Any CPU.ActiveCfg = Debug|Any CPU
		{23A30C13-8349-4A04-864F-8AB3C3164F7C}.Debug|Any CPU.Build.0 = Debug|Any CPU
		{23A30C13-8349-4A04-864F-8AB3C3164F7C}.Release|Any CPU.ActiveCfg = Release|Any CPU
		{23A30C13-8349-4A04-864F-8AB3C3164F7C}.Release|Any CPU.Build.0 = Release|Any CPU
		{21F300DE-B152-42D4-BDEF-05875C046714}.Debug|Any CPU.ActiveCfg = Debug|Any CPU
		{21F300DE-B152-42D4-BDEF-05875C046714}.Debug|Any CPU.Build.0 = Debug|Any CPU
		{21F300DE-B152-42D4-BDEF-05875C046714}.Release|Any CPU.ActiveCfg = Release|Any CPU
		{21F300DE-B152-42D4-BDEF-05875C046714}.Release|Any CPU.Build.0 = Release|Any CPU
		{36E5B53A-9256-488C-9E88-5E1968CA249E}.Debug|Any CPU.ActiveCfg = Debug|Any CPU
		{36E5B53A-9256-488C-9E88-5E1968CA249E}.Debug|Any CPU.Build.0 = Debug|Any CPU
		{36E5B53A-9256-488C-9E88-5E1968CA249E}.Release|Any CPU.ActiveCfg = Release|Any CPU
		{36E5B53A-9256-488C-9E88-5E1968CA249E}.Release|Any CPU.Build.0 = Release|Any CPU
		{9CA98D01-B356-482D-B288-4AE4FF0854A4}.Debug|Any CPU.ActiveCfg = Debug|Any CPU
		{9CA98D01-B356-482D-B288-4AE4FF0854A4}.Debug|Any CPU.Build.0 = Debug|Any CPU
		{9CA98D01-B356-482D-B288-4AE4FF0854A4}.Release|Any CPU.ActiveCfg = Release|Any CPU
		{9CA98D01-B356-482D-B288-4AE4FF0854A4}.Release|Any CPU.Build.0 = Release|Any CPU
		{729EE3AE-4E89-4E8D-A6E1-C7441DCDC51E}.Debug|Any CPU.ActiveCfg = Debug|Any CPU
		{729EE3AE-4E89-4E8D-A6E1-C7441DCDC51E}.Debug|Any CPU.Build.0 = Debug|Any CPU
		{729EE3AE-4E89-4E8D-A6E1-C7441DCDC51E}.Release|Any CPU.ActiveCfg = Release|Any CPU
		{729EE3AE-4E89-4E8D-A6E1-C7441DCDC51E}.Release|Any CPU.Build.0 = Release|Any CPU
		{AE0521DF-A80D-4C29-B417-EF3A049CED61}.Debug|Any CPU.ActiveCfg = Debug|Any CPU
		{AE0521DF-A80D-4C29-B417-EF3A049CED61}.Debug|Any CPU.Build.0 = Debug|Any CPU
		{AE0521DF-A80D-4C29-B417-EF3A049CED61}.Release|Any CPU.ActiveCfg = Release|Any CPU
		{AE0521DF-A80D-4C29-B417-EF3A049CED61}.Release|Any CPU.Build.0 = Release|Any CPU
		{1525FEED-BE9C-49D1-9183-E19FA2A76370}.Debug|Any CPU.ActiveCfg = Debug|Any CPU
		{1525FEED-BE9C-49D1-9183-E19FA2A76370}.Debug|Any CPU.Build.0 = Debug|Any CPU
		{1525FEED-BE9C-49D1-9183-E19FA2A76370}.Release|Any CPU.ActiveCfg = Release|Any CPU
		{1525FEED-BE9C-49D1-9183-E19FA2A76370}.Release|Any CPU.Build.0 = Release|Any CPU
		{D49A54DE-672B-40D7-9B87-D6EF6EE2B572}.Debug|Any CPU.ActiveCfg = Debug|Any CPU
		{D49A54DE-672B-40D7-9B87-D6EF6EE2B572}.Debug|Any CPU.Build.0 = Debug|Any CPU
		{D49A54DE-672B-40D7-9B87-D6EF6EE2B572}.Release|Any CPU.ActiveCfg = Release|Any CPU
		{D49A54DE-672B-40D7-9B87-D6EF6EE2B572}.Release|Any CPU.Build.0 = Release|Any CPU
		{B0B190B1-C6AA-42CF-9469-4B90B0E8F051}.Debug|Any CPU.ActiveCfg = Debug|Any CPU
		{B0B190B1-C6AA-42CF-9469-4B90B0E8F051}.Debug|Any CPU.Build.0 = Debug|Any CPU
		{B0B190B1-C6AA-42CF-9469-4B90B0E8F051}.Release|Any CPU.ActiveCfg = Release|Any CPU
		{B0B190B1-C6AA-42CF-9469-4B90B0E8F051}.Release|Any CPU.Build.0 = Release|Any CPU
		{0DE54A16-41C8-4F66-9C2C-35F667458758}.Debug|Any CPU.ActiveCfg = Debug|Any CPU
		{0DE54A16-41C8-4F66-9C2C-35F667458758}.Debug|Any CPU.Build.0 = Debug|Any CPU
		{0DE54A16-41C8-4F66-9C2C-35F667458758}.Release|Any CPU.ActiveCfg = Release|Any CPU
		{0DE54A16-41C8-4F66-9C2C-35F667458758}.Release|Any CPU.Build.0 = Release|Any CPU
		{BEF003F3-8DFB-4180-B613-4B9EB27DD11B}.Debug|Any CPU.ActiveCfg = Debug|Any CPU
		{BEF003F3-8DFB-4180-B613-4B9EB27DD11B}.Debug|Any CPU.Build.0 = Debug|Any CPU
		{BEF003F3-8DFB-4180-B613-4B9EB27DD11B}.Release|Any CPU.ActiveCfg = Release|Any CPU
		{BEF003F3-8DFB-4180-B613-4B9EB27DD11B}.Release|Any CPU.Build.0 = Release|Any CPU
		{F401B69A-AB3C-4D62-9F45-422D53664002}.Debug|Any CPU.ActiveCfg = Debug|Any CPU
		{F401B69A-AB3C-4D62-9F45-422D53664002}.Debug|Any CPU.Build.0 = Debug|Any CPU
		{F401B69A-AB3C-4D62-9F45-422D53664002}.Release|Any CPU.ActiveCfg = Release|Any CPU
		{F401B69A-AB3C-4D62-9F45-422D53664002}.Release|Any CPU.Build.0 = Release|Any CPU
		{88D6E10A-B2A0-4435-8157-F6AD8CA68982}.Debug|Any CPU.ActiveCfg = Debug|Any CPU
		{88D6E10A-B2A0-4435-8157-F6AD8CA68982}.Debug|Any CPU.Build.0 = Debug|Any CPU
		{88D6E10A-B2A0-4435-8157-F6AD8CA68982}.Release|Any CPU.ActiveCfg = Release|Any CPU
		{88D6E10A-B2A0-4435-8157-F6AD8CA68982}.Release|Any CPU.Build.0 = Release|Any CPU
		{6DC2304D-BEF8-4656-A206-352631E15E2B}.Debug|Any CPU.ActiveCfg = Debug|Any CPU
		{6DC2304D-BEF8-4656-A206-352631E15E2B}.Debug|Any CPU.Build.0 = Debug|Any CPU
		{6DC2304D-BEF8-4656-A206-352631E15E2B}.Release|Any CPU.ActiveCfg = Release|Any CPU
		{6DC2304D-BEF8-4656-A206-352631E15E2B}.Release|Any CPU.Build.0 = Release|Any CPU
		{CC528195-2250-4447-8531-0D064837D2F3}.Debug|Any CPU.ActiveCfg = Debug|Any CPU
		{CC528195-2250-4447-8531-0D064837D2F3}.Debug|Any CPU.Build.0 = Debug|Any CPU
		{CC528195-2250-4447-8531-0D064837D2F3}.Release|Any CPU.ActiveCfg = Release|Any CPU
		{CC528195-2250-4447-8531-0D064837D2F3}.Release|Any CPU.Build.0 = Release|Any CPU
		{2FAD93CA-08E7-4229-99FB-11041E721B2E}.Debug|Any CPU.ActiveCfg = Debug|Any CPU
		{2FAD93CA-08E7-4229-99FB-11041E721B2E}.Debug|Any CPU.Build.0 = Debug|Any CPU
		{2FAD93CA-08E7-4229-99FB-11041E721B2E}.Release|Any CPU.ActiveCfg = Release|Any CPU
		{2FAD93CA-08E7-4229-99FB-11041E721B2E}.Release|Any CPU.Build.0 = Release|Any CPU
		{87723C16-7B73-4946-A00D-233BAFCC139C}.Debug|Any CPU.ActiveCfg = Debug|Any CPU
		{87723C16-7B73-4946-A00D-233BAFCC139C}.Debug|Any CPU.Build.0 = Debug|Any CPU
		{87723C16-7B73-4946-A00D-233BAFCC139C}.Release|Any CPU.ActiveCfg = Release|Any CPU
		{87723C16-7B73-4946-A00D-233BAFCC139C}.Release|Any CPU.Build.0 = Release|Any CPU
		{E3B417B9-7548-40D4-9AB7-2FF4348CB53B}.Debug|Any CPU.ActiveCfg = Debug|Any CPU
		{E3B417B9-7548-40D4-9AB7-2FF4348CB53B}.Debug|Any CPU.Build.0 = Debug|Any CPU
		{E3B417B9-7548-40D4-9AB7-2FF4348CB53B}.Release|Any CPU.ActiveCfg = Release|Any CPU
		{E3B417B9-7548-40D4-9AB7-2FF4348CB53B}.Release|Any CPU.Build.0 = Release|Any CPU
		{5E4BABC0-23D6-4B73-8B89-19AD495B5906}.Debug|Any CPU.ActiveCfg = Debug|Any CPU
		{5E4BABC0-23D6-4B73-8B89-19AD495B5906}.Debug|Any CPU.Build.0 = Debug|Any CPU
		{5E4BABC0-23D6-4B73-8B89-19AD495B5906}.Release|Any CPU.ActiveCfg = Release|Any CPU
		{5E4BABC0-23D6-4B73-8B89-19AD495B5906}.Release|Any CPU.Build.0 = Release|Any CPU
		{8AB627CE-5E76-4DF0-817A-F4F521CF1824}.Debug|Any CPU.ActiveCfg = Debug|Any CPU
		{8AB627CE-5E76-4DF0-817A-F4F521CF1824}.Debug|Any CPU.Build.0 = Debug|Any CPU
		{8AB627CE-5E76-4DF0-817A-F4F521CF1824}.Release|Any CPU.ActiveCfg = Release|Any CPU
		{8AB627CE-5E76-4DF0-817A-F4F521CF1824}.Release|Any CPU.Build.0 = Release|Any CPU
		{39FF28AE-3F41-464B-8CB7-26DA832471DC}.Debug|Any CPU.ActiveCfg = Debug|Any CPU
		{39FF28AE-3F41-464B-8CB7-26DA832471DC}.Debug|Any CPU.Build.0 = Debug|Any CPU
		{39FF28AE-3F41-464B-8CB7-26DA832471DC}.Release|Any CPU.ActiveCfg = Release|Any CPU
		{39FF28AE-3F41-464B-8CB7-26DA832471DC}.Release|Any CPU.Build.0 = Release|Any CPU
		{97FCD03D-1BB0-46A8-A8E2-F521376DD5BC}.Debug|Any CPU.ActiveCfg = Debug|Any CPU
		{97FCD03D-1BB0-46A8-A8E2-F521376DD5BC}.Debug|Any CPU.Build.0 = Debug|Any CPU
		{97FCD03D-1BB0-46A8-A8E2-F521376DD5BC}.Release|Any CPU.ActiveCfg = Release|Any CPU
		{97FCD03D-1BB0-46A8-A8E2-F521376DD5BC}.Release|Any CPU.Build.0 = Release|Any CPU
	EndGlobalSection
	GlobalSection(SolutionProperties) = preSolution
		HideSolutionNode = FALSE
	EndGlobalSection
	GlobalSection(NestedProjects) = preSolution
		{21F300DE-B152-42D4-BDEF-05875C046714} = {7935FACE-83C9-4099-8C89-2D3A12C85E61}
		{36E5B53A-9256-488C-9E88-5E1968CA249E} = {57EEE718-C2CE-4337-8D33-6AA00B2AAD81}
		{9CA98D01-B356-482D-B288-4AE4FF0854A4} = {1B582A82-6BCD-403A-BCE5-29722C8285F0}
		{729EE3AE-4E89-4E8D-A6E1-C7441DCDC51E} = {AFE277E5-5E9D-4482-9EF9-709B28C9DD96}
		{AE0521DF-A80D-4C29-B417-EF3A049CED61} = {909A8AE0-84CD-46D3-9CDD-B3F094047907}
		{1525FEED-BE9C-49D1-9183-E19FA2A76370} = {AEA0FEB3-48A8-4696-9392-52060C8062F1}
		{D49A54DE-672B-40D7-9B87-D6EF6EE2B572} = {F33A2CEF-902F-436A-8E53-A427FCD9817B}
		{B0B190B1-C6AA-42CF-9469-4B90B0E8F051} = {72C08C43-1003-4D3A-9142-66DFCD3E6240}
		{0DE54A16-41C8-4F66-9C2C-35F667458758} = {D61292B1-346D-4D74-8504-0B0EA6A5C705}
		{BEF003F3-8DFB-4180-B613-4B9EB27DD11B} = {47A8B95B-93EA-4044-A66C-A95B3FA1FB04}
		{F401B69A-AB3C-4D62-9F45-422D53664002} = {57EAD572-83C0-4158-90A6-D70791D9671D}
		{88D6E10A-B2A0-4435-8157-F6AD8CA68982} = {D660CFB9-FCC4-4B3B-B32A-244418FA3DF2}
		{6DC2304D-BEF8-4656-A206-352631E15E2B} = {700FDFD3-E5A0-422A-957C-A54F3956422C}
		{CC528195-2250-4447-8531-0D064837D2F3} = {B4147B9B-DD1D-41D3-A9C5-E92D4E5C7DE0}
		{2FAD93CA-08E7-4229-99FB-11041E721B2E} = {C316DB2C-7BBA-4F10-810E-0E7C5F125B1F}
		{87723C16-7B73-4946-A00D-233BAFCC139C} = {4D7A6B15-7E58-4A41-8A46-1A57FE011DF6}
		{E3B417B9-7548-40D4-9AB7-2FF4348CB53B} = {3B419B87-9F2C-44AE-80C9-02CF0884D061}
		{5E4BABC0-23D6-4B73-8B89-19AD495B5906} = {6BD31062-1023-4BE0-9484-D8D42A197F2A}
		{8AB627CE-5E76-4DF0-817A-F4F521CF1824} = {1F47644D-B4AE-456B-9696-B1E68AA94EFB}
		{39FF28AE-3F41-464B-8CB7-26DA832471DC} = {57841B05-182A-47DC-95E5-8DD92473E38C}
		{97FCD03D-1BB0-46A8-A8E2-F521376DD5BC} = {032D18EC-1177-4C8E-883F-28D38D52028D}
	EndGlobalSection
	GlobalSection(ExtensibilityGlobals) = postSolution
		SolutionGuid = {49193E22-E916-4F51-9350-BA2DB5786CE1}
	EndGlobalSection
EndGlobal
