
Microsoft Visual Studio Solution File, Format Version 12.00
# Visual Studio Version 17
VisualStudioVersion = 17.5.33516.290
MinimumVisualStudioVersion = 10.0.40219.1
Project("{2150E333-8FDC-42A3-9474-1A3956D46DE8}") = "License", "License", "{43ED4BF9-5941-4F32-A9DC-016E94A0E74E}"
	ProjectSection(SolutionItems) = preProject
		license_key_windows.xml = license_key_windows.xml
	EndProjectSection
EndProject
Project("{FAE04EC0-301F-11D3-BF4B-00C04F79EFBC}") = "Viewer", "Viewer\Viewer.csproj", "{A25DD47F-1FDF-48A1-8D0E-8CFF2C066A74}"
EndProject
Project("{FAE04EC0-301F-11D3-BF4B-00C04F79EFBC}") = "Compdfkit_Tools", "Compdfkit_Tools\Compdfkit_Tools.csproj", "{9363BCB1-3A67-446A-8093-5708B86BF418}"
EndProject
Project("{2150E333-8FDC-42A3-9474-1A3956D46DE8}") = "Samples", "Samples", "{812D8275-2791-4CEF-A4E8-39A78E49D8FB}"
EndProject
Project("{FAE04EC0-301F-11D3-BF4B-00C04F79EFBC}") = "HeaderFooterTest", "Samples\HeaderFooterTest\CS\HeaderFooterTest.csproj", "{5AF53BD9-A085-4550-8F78-98CCFFFDCDA9}"
EndProject
Project("{FAE04EC0-301F-11D3-BF4B-00C04F79EFBC}") = "BatesTest", "Samples\BatesTest\CS\BatesTest.csproj", "{5CE5B624-B2B8-479C-8842-B70591B01124}"
EndProject
Project("{FAE04EC0-301F-11D3-BF4B-00C04F79EFBC}") = "PDFRedactTest", "Samples\PDFRedactTest\CS\PDFRedactTest.csproj", "{B18AD53B-9550-489B-A814-E2783D865D9C}"
EndProject
Project("{FAE04EC0-301F-11D3-BF4B-00C04F79EFBC}") = "PDFATest", "Samples\PDFATest\CS\PDFATest.csproj", "{463C349B-D895-4191-B1FD-C507B16B6A8C}"
EndProject
Project("{FAE04EC0-301F-11D3-BF4B-00C04F79EFBC}") = "FlattenTest", "Samples\FlattenTest\CS\FlattenTest.csproj", "{34BE4547-F57E-473C-A4D9-2EFEDAC6B87E}"
EndProject
Project("{FAE04EC0-301F-11D3-BF4B-00C04F79EFBC}") = "EncryptTest", "Samples\EncryptTest\CS\EncryptTest.csproj", "{D225EA72-F34A-4AC6-9016-91F99D30DB81}"
EndProject
Project("{FAE04EC0-301F-11D3-BF4B-00C04F79EFBC}") = "BookmarkTest", "Samples\BookmarkTest\CS\BookmarkTest.csproj", "{26E617CD-C1D7-4EC2-AC9F-E3F4546B2202}"
EndProject
Project("{FAE04EC0-301F-11D3-BF4B-00C04F79EFBC}") = "ImageExtractTest", "Samples\ImageExtractTest\CS\ImageExtractTest.csproj", "{DEAF0496-2E3D-4A76-B24E-0E672B21ED3F}"
EndProject
Project("{FAE04EC0-301F-11D3-BF4B-00C04F79EFBC}") = "PDFPageTest", "Samples\PDFPageTest\CS\PDFPageTest.csproj", "{B776A04B-C674-4A8B-88FC-2431034E8F78}"
EndProject
Project("{FAE04EC0-301F-11D3-BF4B-00C04F79EFBC}") = "PDFToImageTest", "Samples\PDFToImage\CS\PDFToImageTest.csproj", "{82A11207-3CA9-47D2-9F1C-94FE057DABFE}"
EndProject
Project("{FAE04EC0-301F-11D3-BF4B-00C04F79EFBC}") = "OutlineTest", "Samples\OutlineTest\CS\OutlineTest.csproj", "{7323B63A-6073-4A22-82F5-29023702F2C1}"
EndProject
Project("{FAE04EC0-301F-11D3-BF4B-00C04F79EFBC}") = "DocumentInfoTest", "Samples\DocumentInfoTest\CS\DocumentInfoTest.csproj", "{274E1BD3-627D-46BC-8281-5440D7703EBF}"
EndProject
Project("{FAE04EC0-301F-11D3-BF4B-00C04F79EFBC}") = "WatermarkTest", "Samples\WatermarkTest\CS\WatermarkTest.csproj", "{8E440DCB-FCBC-4308-AB3D-50C38D017A40}"
EndProject
Project("{FAE04EC0-301F-11D3-BF4B-00C04F79EFBC}") = "BackgroundTest", "Samples\BackgroundTest\CS\BackgroundTest.csproj", "{0C6D494A-036A-4CB6-AB07-61D8AC8C70CB}"
EndProject
Project("{FAE04EC0-301F-11D3-BF4B-00C04F79EFBC}") = "AnnotationTest", "Samples\AnnotationTest\CS\AnnotationTest.csproj", "{ED8A0C73-FA4E-4FAC-93F7-27C67A940628}"
EndProject
Project("{FAE04EC0-301F-11D3-BF4B-00C04F79EFBC}") = "TextSearchTest", "Samples\TextSearchTest\CS\TextSearchTest.csproj", "{DD2E08EE-0E64-4AB9-B8DC-03DE7E8B4E04}"
EndProject
Project("{FAE04EC0-301F-11D3-BF4B-00C04F79EFBC}") = "AnnotationImportExportTest", "Samples\AnnotationImportExportTest\CS\AnnotationImportExportTest.csproj", "{E2693237-D8F2-4E1C-B3C3-0B3ACFB73728}"
EndProject
Project("{FAE04EC0-301F-11D3-BF4B-00C04F79EFBC}") = "TextExtractTest", "Samples\TextExtractTest\CS\TextExtractTest.csproj", "{7D255150-76CB-4A65-AFEA-F88778ABF03B}"
EndProject
Project("{FAE04EC0-301F-11D3-BF4B-00C04F79EFBC}") = "DocumentCompareTest", "Samples\DocumentCompare\CS\DocumentCompareTest.csproj", "{0BB38D20-C3CF-47D7-8E2E-97195672AB67}"
EndProject
Project("{FAE04EC0-301F-11D3-BF4B-00C04F79EFBC}") = "InteractiveFormsTest", "Samples\InteractiveFormsTest\CS\InteractiveFormsTest.csproj", "{FB4B7306-DECC-457C-8F4C-6CE946F753D6}"
EndProject
Project("{FAE04EC0-301F-11D3-BF4B-00C04F79EFBC}") = "Annotations", "Annotations\Annotations.csproj", "{134CCE10-A4C7-4632-BDF9-631241EA6FB9}"
EndProject
Project("{FAE04EC0-301F-11D3-BF4B-00C04F79EFBC}") = "PDFViewer", "PDFViewer\PDFViewer.csproj", "{C38954D1-7490-4D96-8AE7-67468EA3E638}"
EndProject
Project("{FAE04EC0-301F-11D3-BF4B-00C04F79EFBC}") = "Forms", "Forms\Forms.csproj", "{F99794F3-872A-4A2A-91DD-E21ADBCCCB61}"
EndProject
Project("{FAE04EC0-301F-11D3-BF4B-00C04F79EFBC}") = "ContentEditor", "ContentEditor\ContentEditor.csproj", "{05219D39-7AFF-48F0-93B9-178BC88D4D98}"
EndProject
Project("{FAE04EC0-301F-11D3-BF4B-00C04F79EFBC}") = "DocsEditor", "DocsEditor\DocsEditor.csproj", "{D3003B68-0D1E-47B2-84CA-D6B749BABC74}"
EndProject
Project("{FAE04EC0-301F-11D3-BF4B-00C04F79EFBC}") = "DigitalSignature", "DigitalSignature\DigitalSignature.csproj", "{DD286D3B-0690-43D7-A3BA-AF8680FAD301}"
EndProject
Project("{FAE04EC0-301F-11D3-BF4B-00C04F79EFBC}") = "DigitalSignatureTest", "Samples\DigitalSignatureTest\CS\DigitalSignatureTest.csproj", "{7372311C-7A31-4D97-A2C0-FC005FC345C1}"
EndProject
Project("{2150E333-8FDC-42A3-9474-1A3956D46DE8}") = "CS", "CS", "{04BEFA57-85D7-404D-9720-55393023F118}"
EndProject
Project("{2150E333-8FDC-42A3-9474-1A3956D46DE8}") = "VisualBasic", "VisualBasic", "{0B9A4542-3DFF-4862-973C-12308CBB2FAA}"
EndProject
Project("{F184B08F-C81C-45F6-A57F-5ABD9991F28F}") = "WatermarkTest", "Samples\WatermarkTest\VB\WatermarkTest.vbproj", "{0A17E1EE-3912-491F-A9DB-E5F72B36938D}"
EndProject
Project("{F184B08F-C81C-45F6-A57F-5ABD9991F28F}") = "AnnotationImportExportTest", "Samples\AnnotationImportExportTest\VB\AnnotationImportExportTest.vbproj", "{FFBD38E6-2CAE-4A9F-9E51-2A3CEFD82A0D}"
EndProject
Project("{F184B08F-C81C-45F6-A57F-5ABD9991F28F}") = "TextSearchTest", "Samples\TextSearchTest\VB\TextSearchTest.vbproj", "{72F0E73F-C5E7-4059-AE51-D285221A79F6}"
EndProject
Project("{F184B08F-C81C-45F6-A57F-5ABD9991F28F}") = "TextExtractTest", "Samples\TextExtractTest\VB\TextExtractTest.vbproj", "{9E580A41-AD4F-4106-AA50-EFDB46DEA40A}"
EndProject
Project("{F184B08F-C81C-45F6-A57F-5ABD9991F28F}") = "PDFToImageTest", "Samples\PDFToImage\VB\PDFToImageTest.vbproj", "{6D1DE0A5-8E7D-403E-8470-F72BB06FD35A}"
EndProject
Project("{F184B08F-C81C-45F6-A57F-5ABD9991F28F}") = "PDFRedactTest", "Samples\PDFRedactTest\VB\PDFRedactTest.vbproj", "{E1E76750-042A-4EB5-A753-402C5AD07780}"
EndProject
Project("{F184B08F-C81C-45F6-A57F-5ABD9991F28F}") = "PDFPageTest", "Samples\PDFPageTest\VB\PDFPageTest.vbproj", "{6494E133-B334-4183-AF63-1287AC4E9085}"
EndProject
Project("{F184B08F-C81C-45F6-A57F-5ABD9991F28F}") = "PDFATest", "Samples\PDFATest\VB\PDFATest.vbproj", "{24A7C9D4-042C-4687-ABAD-339F3C07CDDF}"
EndProject
Project("{F184B08F-C81C-45F6-A57F-5ABD9991F28F}") = "OutlineTest", "Samples\OutlineTest\VB\OutlineTest.vbproj", "{8506EBB7-AAC4-49AF-ACAD-616D500ECF2A}"
EndProject
Project("{F184B08F-C81C-45F6-A57F-5ABD9991F28F}") = "InteractiveFormsTest", "Samples\InteractiveFormsTest\VB\InteractiveFormsTest.vbproj", "{805251B5-D40B-4920-B725-6C92B4C9DBE2}"
EndProject
Project("{F184B08F-C81C-45F6-A57F-5ABD9991F28F}") = "ImageExtractTest", "Samples\ImageExtractTest\VB\ImageExtractTest.vbproj", "{AE11BDA6-8A50-405C-A5F2-54EFCD3C76F9}"
EndProject
Project("{F184B08F-C81C-45F6-A57F-5ABD9991F28F}") = "HeaderFooterTest", "Samples\HeaderFooterTest\VB\HeaderFooterTest.vbproj", "{BF771C7A-78C3-4775-963C-A5632426CA1A}"
EndProject
Project("{F184B08F-C81C-45F6-A57F-5ABD9991F28F}") = "FlattenTest", "Samples\FlattenTest\VB\FlattenTest.vbproj", "{BB1E309D-A937-4E41-B8A3-C2F52AE509CD}"
EndProject
Project("{F184B08F-C81C-45F6-A57F-5ABD9991F28F}") = "EncryptTest", "Samples\EncryptTest\VB\EncryptTest.vbproj", "{36760764-DC79-4857-8500-9BD7CF77101E}"
EndProject
Project("{F184B08F-C81C-45F6-A57F-5ABD9991F28F}") = "DocumentInfoTest", "Samples\DocumentInfoTest\VB\DocumentInfoTest.vbproj", "{9E6E96F8-C900-4374-A7A3-93481F733379}"
EndProject
Project("{F184B08F-C81C-45F6-A57F-5ABD9991F28F}") = "DocumentCompareTest", "Samples\DocumentCompare\VB\DocumentCompareTest.vbproj", "{F22C3E06-1B62-4516-AFC8-11F9B706206D}"
EndProject
Project("{F184B08F-C81C-45F6-A57F-5ABD9991F28F}") = "AnnotationTest", "Samples\AnnotationTest\VB\AnnotationTest.vbproj", "{AAE10F2E-F7B0-4487-BEDE-274CE74CA55E}"
EndProject
Project("{F184B08F-C81C-45F6-A57F-5ABD9991F28F}") = "BackgroundTest", "Samples\BackgroundTest\VB\BackgroundTest.vbproj", "{481B43E1-2183-4B34-8994-FFF58EA3B108}"
EndProject
Project("{F184B08F-C81C-45F6-A57F-5ABD9991F28F}") = "BatesTest", "Samples\BatesTest\VB\BatesTest.vbproj", "{8FE5F6A4-92B5-4041-B659-50C032EBB965}"
EndProject
Project("{F184B08F-C81C-45F6-A57F-5ABD9991F28F}") = "BookmarkTest", "Samples\BookmarkTest\VB\BookmarkTest.vbproj", "{D922B3BB-3823-4506-BC8B-7C682B7F8AB9}"
EndProject
Project("{F184B08F-C81C-45F6-A57F-5ABD9991F28F}") = "DigitalSignatureTest", "Samples\DigitalSignatureTest\VB\DigitalSignatureTest.vbproj", "{84A958E6-C1DA-42C4-88E5-EBF4E3E632FE}"
EndProject
Project("{FAE04EC0-301F-11D3-BF4B-00C04F79EFBC}") = "Measure", "Measure\Measure.csproj", "{75A0C673-E1D8-4FCE-8804-95E4F0630200}"
EndProject
Global
	GlobalSection(SolutionConfigurationPlatforms) = preSolution
		Debug|Any CPU = Debug|Any CPU
		Debug|x64 = Debug|x64
		Debug|x86 = Debug|x86
		Release|Any CPU = Release|Any CPU
		Release|x64 = Release|x64
		Release|x86 = Release|x86
	EndGlobalSection
	GlobalSection(ProjectConfigurationPlatforms) = postSolution
		{A25DD47F-1FDF-48A1-8D0E-8CFF2C066A74}.Debug|Any CPU.ActiveCfg = Debug|Any CPU
		{A25DD47F-1FDF-48A1-8D0E-8CFF2C066A74}.Debug|Any CPU.Build.0 = Debug|Any CPU
		{A25DD47F-1FDF-48A1-8D0E-8CFF2C066A74}.Debug|x64.ActiveCfg = Debug|Any CPU
		{A25DD47F-1FDF-48A1-8D0E-8CFF2C066A74}.Debug|x64.Build.0 = Debug|Any CPU
		{A25DD47F-1FDF-48A1-8D0E-8CFF2C066A74}.Debug|x86.ActiveCfg = Debug|Any CPU
		{A25DD47F-1FDF-48A1-8D0E-8CFF2C066A74}.Debug|x86.Build.0 = Debug|Any CPU
		{A25DD47F-1FDF-48A1-8D0E-8CFF2C066A74}.Release|Any CPU.ActiveCfg = Release|Any CPU
		{A25DD47F-1FDF-48A1-8D0E-8CFF2C066A74}.Release|Any CPU.Build.0 = Release|Any CPU
		{A25DD47F-1FDF-48A1-8D0E-8CFF2C066A74}.Release|x64.ActiveCfg = Release|Any CPU
		{A25DD47F-1FDF-48A1-8D0E-8CFF2C066A74}.Release|x64.Build.0 = Release|Any CPU
		{A25DD47F-1FDF-48A1-8D0E-8CFF2C066A74}.Release|x86.ActiveCfg = Release|Any CPU
		{A25DD47F-1FDF-48A1-8D0E-8CFF2C066A74}.Release|x86.Build.0 = Release|Any CPU
		{9363BCB1-3A67-446A-8093-5708B86BF418}.Debug|Any CPU.ActiveCfg = Debug|Any CPU
		{9363BCB1-3A67-446A-8093-5708B86BF418}.Debug|Any CPU.Build.0 = Debug|Any CPU
		{9363BCB1-3A67-446A-8093-5708B86BF418}.Debug|x64.ActiveCfg = Debug|Any CPU
		{9363BCB1-3A67-446A-8093-5708B86BF418}.Debug|x64.Build.0 = Debug|Any CPU
		{9363BCB1-3A67-446A-8093-5708B86BF418}.Debug|x86.ActiveCfg = Debug|Any CPU
		{9363BCB1-3A67-446A-8093-5708B86BF418}.Debug|x86.Build.0 = Debug|Any CPU
		{9363BCB1-3A67-446A-8093-5708B86BF418}.Release|Any CPU.ActiveCfg = Release|Any CPU
		{9363BCB1-3A67-446A-8093-5708B86BF418}.Release|Any CPU.Build.0 = Release|Any CPU
		{9363BCB1-3A67-446A-8093-5708B86BF418}.Release|x64.ActiveCfg = Release|Any CPU
		{9363BCB1-3A67-446A-8093-5708B86BF418}.Release|x64.Build.0 = Release|Any CPU
		{9363BCB1-3A67-446A-8093-5708B86BF418}.Release|x86.ActiveCfg = Release|Any CPU
		{9363BCB1-3A67-446A-8093-5708B86BF418}.Release|x86.Build.0 = Release|Any CPU
		{5AF53BD9-A085-4550-8F78-98CCFFFDCDA9}.Debug|Any CPU.ActiveCfg = Debug|Any CPU
		{5AF53BD9-A085-4550-8F78-98CCFFFDCDA9}.Debug|Any CPU.Build.0 = Debug|Any CPU
		{5AF53BD9-A085-4550-8F78-98CCFFFDCDA9}.Debug|x64.ActiveCfg = Debug|Any CPU
		{5AF53BD9-A085-4550-8F78-98CCFFFDCDA9}.Debug|x64.Build.0 = Debug|Any CPU
		{5AF53BD9-A085-4550-8F78-98CCFFFDCDA9}.Debug|x86.ActiveCfg = Debug|Any CPU
		{5AF53BD9-A085-4550-8F78-98CCFFFDCDA9}.Debug|x86.Build.0 = Debug|Any CPU
		{5AF53BD9-A085-4550-8F78-98CCFFFDCDA9}.Release|Any CPU.ActiveCfg = Release|Any CPU
		{5AF53BD9-A085-4550-8F78-98CCFFFDCDA9}.Release|Any CPU.Build.0 = Release|Any CPU
		{5AF53BD9-A085-4550-8F78-98CCFFFDCDA9}.Release|x64.ActiveCfg = Release|Any CPU
		{5AF53BD9-A085-4550-8F78-98CCFFFDCDA9}.Release|x64.Build.0 = Release|Any CPU
		{5AF53BD9-A085-4550-8F78-98CCFFFDCDA9}.Release|x86.ActiveCfg = Release|Any CPU
		{5AF53BD9-A085-4550-8F78-98CCFFFDCDA9}.Release|x86.Build.0 = Release|Any CPU
		{5CE5B624-B2B8-479C-8842-B70591B01124}.Debug|Any CPU.ActiveCfg = Debug|Any CPU
		{5CE5B624-B2B8-479C-8842-B70591B01124}.Debug|Any CPU.Build.0 = Debug|Any CPU
		{5CE5B624-B2B8-479C-8842-B70591B01124}.Debug|x64.ActiveCfg = Debug|Any CPU
		{5CE5B624-B2B8-479C-8842-B70591B01124}.Debug|x64.Build.0 = Debug|Any CPU
		{5CE5B624-B2B8-479C-8842-B70591B01124}.Debug|x86.ActiveCfg = Debug|Any CPU
		{5CE5B624-B2B8-479C-8842-B70591B01124}.Debug|x86.Build.0 = Debug|Any CPU
		{5CE5B624-B2B8-479C-8842-B70591B01124}.Release|Any CPU.ActiveCfg = Release|Any CPU
		{5CE5B624-B2B8-479C-8842-B70591B01124}.Release|Any CPU.Build.0 = Release|Any CPU
		{5CE5B624-B2B8-479C-8842-B70591B01124}.Release|x64.ActiveCfg = Release|Any CPU
		{5CE5B624-B2B8-479C-8842-B70591B01124}.Release|x64.Build.0 = Release|Any CPU
		{5CE5B624-B2B8-479C-8842-B70591B01124}.Release|x86.ActiveCfg = Release|Any CPU
		{5CE5B624-B2B8-479C-8842-B70591B01124}.Release|x86.Build.0 = Release|Any CPU
		{B18AD53B-9550-489B-A814-E2783D865D9C}.Debug|Any CPU.ActiveCfg = Debug|Any CPU
		{B18AD53B-9550-489B-A814-E2783D865D9C}.Debug|Any CPU.Build.0 = Debug|Any CPU
		{B18AD53B-9550-489B-A814-E2783D865D9C}.Debug|x64.ActiveCfg = Debug|Any CPU
		{B18AD53B-9550-489B-A814-E2783D865D9C}.Debug|x64.Build.0 = Debug|Any CPU
		{B18AD53B-9550-489B-A814-E2783D865D9C}.Debug|x86.ActiveCfg = Debug|Any CPU
		{B18AD53B-9550-489B-A814-E2783D865D9C}.Debug|x86.Build.0 = Debug|Any CPU
		{B18AD53B-9550-489B-A814-E2783D865D9C}.Release|Any CPU.ActiveCfg = Release|Any CPU
		{B18AD53B-9550-489B-A814-E2783D865D9C}.Release|Any CPU.Build.0 = Release|Any CPU
		{B18AD53B-9550-489B-A814-E2783D865D9C}.Release|x64.ActiveCfg = Release|Any CPU
		{B18AD53B-9550-489B-A814-E2783D865D9C}.Release|x64.Build.0 = Release|Any CPU
		{B18AD53B-9550-489B-A814-E2783D865D9C}.Release|x86.ActiveCfg = Release|Any CPU
		{B18AD53B-9550-489B-A814-E2783D865D9C}.Release|x86.Build.0 = Release|Any CPU
		{463C349B-D895-4191-B1FD-C507B16B6A8C}.Debug|Any CPU.ActiveCfg = Debug|Any CPU
		{463C349B-D895-4191-B1FD-C507B16B6A8C}.Debug|Any CPU.Build.0 = Debug|Any CPU
		{463C349B-D895-4191-B1FD-C507B16B6A8C}.Debug|x64.ActiveCfg = Debug|Any CPU
		{463C349B-D895-4191-B1FD-C507B16B6A8C}.Debug|x64.Build.0 = Debug|Any CPU
		{463C349B-D895-4191-B1FD-C507B16B6A8C}.Debug|x86.ActiveCfg = Debug|Any CPU
		{463C349B-D895-4191-B1FD-C507B16B6A8C}.Debug|x86.Build.0 = Debug|Any CPU
		{463C349B-D895-4191-B1FD-C507B16B6A8C}.Release|Any CPU.ActiveCfg = Release|Any CPU
		{463C349B-D895-4191-B1FD-C507B16B6A8C}.Release|Any CPU.Build.0 = Release|Any CPU
		{463C349B-D895-4191-B1FD-C507B16B6A8C}.Release|x64.ActiveCfg = Release|Any CPU
		{463C349B-D895-4191-B1FD-C507B16B6A8C}.Release|x64.Build.0 = Release|Any CPU
		{463C349B-D895-4191-B1FD-C507B16B6A8C}.Release|x86.ActiveCfg = Release|Any CPU
		{463C349B-D895-4191-B1FD-C507B16B6A8C}.Release|x86.Build.0 = Release|Any CPU
		{34BE4547-F57E-473C-A4D9-2EFEDAC6B87E}.Debug|Any CPU.ActiveCfg = Debug|Any CPU
		{34BE4547-F57E-473C-A4D9-2EFEDAC6B87E}.Debug|Any CPU.Build.0 = Debug|Any CPU
		{34BE4547-F57E-473C-A4D9-2EFEDAC6B87E}.Debug|x64.ActiveCfg = Debug|Any CPU
		{34BE4547-F57E-473C-A4D9-2EFEDAC6B87E}.Debug|x64.Build.0 = Debug|Any CPU
		{34BE4547-F57E-473C-A4D9-2EFEDAC6B87E}.Debug|x86.ActiveCfg = Debug|Any CPU
		{34BE4547-F57E-473C-A4D9-2EFEDAC6B87E}.Debug|x86.Build.0 = Debug|Any CPU
		{34BE4547-F57E-473C-A4D9-2EFEDAC6B87E}.Release|Any CPU.ActiveCfg = Release|Any CPU
		{34BE4547-F57E-473C-A4D9-2EFEDAC6B87E}.Release|Any CPU.Build.0 = Release|Any CPU
		{34BE4547-F57E-473C-A4D9-2EFEDAC6B87E}.Release|x64.ActiveCfg = Release|Any CPU
		{34BE4547-F57E-473C-A4D9-2EFEDAC6B87E}.Release|x64.Build.0 = Release|Any CPU
		{34BE4547-F57E-473C-A4D9-2EFEDAC6B87E}.Release|x86.ActiveCfg = Release|Any CPU
		{34BE4547-F57E-473C-A4D9-2EFEDAC6B87E}.Release|x86.Build.0 = Release|Any CPU
		{D225EA72-F34A-4AC6-9016-91F99D30DB81}.Debug|Any CPU.ActiveCfg = Debug|Any CPU
		{D225EA72-F34A-4AC6-9016-91F99D30DB81}.Debug|Any CPU.Build.0 = Debug|Any CPU
		{D225EA72-F34A-4AC6-9016-91F99D30DB81}.Debug|x64.ActiveCfg = Debug|Any CPU
		{D225EA72-F34A-4AC6-9016-91F99D30DB81}.Debug|x64.Build.0 = Debug|Any CPU
		{D225EA72-F34A-4AC6-9016-91F99D30DB81}.Debug|x86.ActiveCfg = Debug|Any CPU
		{D225EA72-F34A-4AC6-9016-91F99D30DB81}.Debug|x86.Build.0 = Debug|Any CPU
		{D225EA72-F34A-4AC6-9016-91F99D30DB81}.Release|Any CPU.ActiveCfg = Release|Any CPU
		{D225EA72-F34A-4AC6-9016-91F99D30DB81}.Release|Any CPU.Build.0 = Release|Any CPU
		{D225EA72-F34A-4AC6-9016-91F99D30DB81}.Release|x64.ActiveCfg = Release|Any CPU
		{D225EA72-F34A-4AC6-9016-91F99D30DB81}.Release|x64.Build.0 = Release|Any CPU
		{D225EA72-F34A-4AC6-9016-91F99D30DB81}.Release|x86.ActiveCfg = Release|Any CPU
		{D225EA72-F34A-4AC6-9016-91F99D30DB81}.Release|x86.Build.0 = Release|Any CPU
		{26E617CD-C1D7-4EC2-AC9F-E3F4546B2202}.Debug|Any CPU.ActiveCfg = Debug|Any CPU
		{26E617CD-C1D7-4EC2-AC9F-E3F4546B2202}.Debug|Any CPU.Build.0 = Debug|Any CPU
		{26E617CD-C1D7-4EC2-AC9F-E3F4546B2202}.Debug|x64.ActiveCfg = Debug|Any CPU
		{26E617CD-C1D7-4EC2-AC9F-E3F4546B2202}.Debug|x64.Build.0 = Debug|Any CPU
		{26E617CD-C1D7-4EC2-AC9F-E3F4546B2202}.Debug|x86.ActiveCfg = Debug|Any CPU
		{26E617CD-C1D7-4EC2-AC9F-E3F4546B2202}.Debug|x86.Build.0 = Debug|Any CPU
		{26E617CD-C1D7-4EC2-AC9F-E3F4546B2202}.Release|Any CPU.ActiveCfg = Release|Any CPU
		{26E617CD-C1D7-4EC2-AC9F-E3F4546B2202}.Release|Any CPU.Build.0 = Release|Any CPU
		{26E617CD-C1D7-4EC2-AC9F-E3F4546B2202}.Release|x64.ActiveCfg = Release|Any CPU
		{26E617CD-C1D7-4EC2-AC9F-E3F4546B2202}.Release|x64.Build.0 = Release|Any CPU
		{26E617CD-C1D7-4EC2-AC9F-E3F4546B2202}.Release|x86.ActiveCfg = Release|Any CPU
		{26E617CD-C1D7-4EC2-AC9F-E3F4546B2202}.Release|x86.Build.0 = Release|Any CPU
		{DEAF0496-2E3D-4A76-B24E-0E672B21ED3F}.Debug|Any CPU.ActiveCfg = Debug|Any CPU
		{DEAF0496-2E3D-4A76-B24E-0E672B21ED3F}.Debug|Any CPU.Build.0 = Debug|Any CPU
		{DEAF0496-2E3D-4A76-B24E-0E672B21ED3F}.Debug|x64.ActiveCfg = Debug|Any CPU
		{DEAF0496-2E3D-4A76-B24E-0E672B21ED3F}.Debug|x64.Build.0 = Debug|Any CPU
		{DEAF0496-2E3D-4A76-B24E-0E672B21ED3F}.Debug|x86.ActiveCfg = Debug|Any CPU
		{DEAF0496-2E3D-4A76-B24E-0E672B21ED3F}.Debug|x86.Build.0 = Debug|Any CPU
		{DEAF0496-2E3D-4A76-B24E-0E672B21ED3F}.Release|Any CPU.ActiveCfg = Release|Any CPU
		{DEAF0496-2E3D-4A76-B24E-0E672B21ED3F}.Release|Any CPU.Build.0 = Release|Any CPU
		{DEAF0496-2E3D-4A76-B24E-0E672B21ED3F}.Release|x64.ActiveCfg = Release|Any CPU
		{DEAF0496-2E3D-4A76-B24E-0E672B21ED3F}.Release|x64.Build.0 = Release|Any CPU
		{DEAF0496-2E3D-4A76-B24E-0E672B21ED3F}.Release|x86.ActiveCfg = Release|Any CPU
		{DEAF0496-2E3D-4A76-B24E-0E672B21ED3F}.Release|x86.Build.0 = Release|Any CPU
		{B776A04B-C674-4A8B-88FC-2431034E8F78}.Debug|Any CPU.ActiveCfg = Debug|Any CPU
		{B776A04B-C674-4A8B-88FC-2431034E8F78}.Debug|Any CPU.Build.0 = Debug|Any CPU
		{B776A04B-C674-4A8B-88FC-2431034E8F78}.Debug|x64.ActiveCfg = Debug|Any CPU
		{B776A04B-C674-4A8B-88FC-2431034E8F78}.Debug|x64.Build.0 = Debug|Any CPU
		{B776A04B-C674-4A8B-88FC-2431034E8F78}.Debug|x86.ActiveCfg = Debug|Any CPU
		{B776A04B-C674-4A8B-88FC-2431034E8F78}.Debug|x86.Build.0 = Debug|Any CPU
		{B776A04B-C674-4A8B-88FC-2431034E8F78}.Release|Any CPU.ActiveCfg = Release|Any CPU
		{B776A04B-C674-4A8B-88FC-2431034E8F78}.Release|Any CPU.Build.0 = Release|Any CPU
		{B776A04B-C674-4A8B-88FC-2431034E8F78}.Release|x64.ActiveCfg = Release|Any CPU
		{B776A04B-C674-4A8B-88FC-2431034E8F78}.Release|x64.Build.0 = Release|Any CPU
		{B776A04B-C674-4A8B-88FC-2431034E8F78}.Release|x86.ActiveCfg = Release|Any CPU
		{B776A04B-C674-4A8B-88FC-2431034E8F78}.Release|x86.Build.0 = Release|Any CPU
		{82A11207-3CA9-47D2-9F1C-94FE057DABFE}.Debug|Any CPU.ActiveCfg = Debug|Any CPU
		{82A11207-3CA9-47D2-9F1C-94FE057DABFE}.Debug|Any CPU.Build.0 = Debug|Any CPU
		{82A11207-3CA9-47D2-9F1C-94FE057DABFE}.Debug|x64.ActiveCfg = Debug|Any CPU
		{82A11207-3CA9-47D2-9F1C-94FE057DABFE}.Debug|x64.Build.0 = Debug|Any CPU
		{82A11207-3CA9-47D2-9F1C-94FE057DABFE}.Debug|x86.ActiveCfg = Debug|Any CPU
		{82A11207-3CA9-47D2-9F1C-94FE057DABFE}.Debug|x86.Build.0 = Debug|Any CPU
		{82A11207-3CA9-47D2-9F1C-94FE057DABFE}.Release|Any CPU.ActiveCfg = Release|Any CPU
		{82A11207-3CA9-47D2-9F1C-94FE057DABFE}.Release|Any CPU.Build.0 = Release|Any CPU
		{82A11207-3CA9-47D2-9F1C-94FE057DABFE}.Release|x64.ActiveCfg = Release|Any CPU
		{82A11207-3CA9-47D2-9F1C-94FE057DABFE}.Release|x64.Build.0 = Release|Any CPU
		{82A11207-3CA9-47D2-9F1C-94FE057DABFE}.Release|x86.ActiveCfg = Release|Any CPU
		{82A11207-3CA9-47D2-9F1C-94FE057DABFE}.Release|x86.Build.0 = Release|Any CPU
		{7323B63A-6073-4A22-82F5-29023702F2C1}.Debug|Any CPU.ActiveCfg = Debug|Any CPU
		{7323B63A-6073-4A22-82F5-29023702F2C1}.Debug|x64.ActiveCfg = Debug|Any CPU
		{7323B63A-6073-4A22-82F5-29023702F2C1}.Debug|x64.Build.0 = Debug|Any CPU
		{7323B63A-6073-4A22-82F5-29023702F2C1}.Debug|x86.ActiveCfg = Debug|Any CPU
		{7323B63A-6073-4A22-82F5-29023702F2C1}.Debug|x86.Build.0 = Debug|Any CPU
		{7323B63A-6073-4A22-82F5-29023702F2C1}.Release|Any CPU.ActiveCfg = Release|Any CPU
		{7323B63A-6073-4A22-82F5-29023702F2C1}.Release|Any CPU.Build.0 = Release|Any CPU
		{7323B63A-6073-4A22-82F5-29023702F2C1}.Release|x64.ActiveCfg = Release|Any CPU
		{7323B63A-6073-4A22-82F5-29023702F2C1}.Release|x64.Build.0 = Release|Any CPU
		{7323B63A-6073-4A22-82F5-29023702F2C1}.Release|x86.ActiveCfg = Release|Any CPU
		{7323B63A-6073-4A22-82F5-29023702F2C1}.Release|x86.Build.0 = Release|Any CPU
		{274E1BD3-627D-46BC-8281-5440D7703EBF}.Debug|Any CPU.ActiveCfg = Debug|Any CPU
		{274E1BD3-627D-46BC-8281-5440D7703EBF}.Debug|Any CPU.Build.0 = Debug|Any CPU
		{274E1BD3-627D-46BC-8281-5440D7703EBF}.Debug|x64.ActiveCfg = Debug|Any CPU
		{274E1BD3-627D-46BC-8281-5440D7703EBF}.Debug|x64.Build.0 = Debug|Any CPU
		{274E1BD3-627D-46BC-8281-5440D7703EBF}.Debug|x86.ActiveCfg = Debug|Any CPU
		{274E1BD3-627D-46BC-8281-5440D7703EBF}.Debug|x86.Build.0 = Debug|Any CPU
		{274E1BD3-627D-46BC-8281-5440D7703EBF}.Release|Any CPU.ActiveCfg = Release|Any CPU
		{274E1BD3-627D-46BC-8281-5440D7703EBF}.Release|Any CPU.Build.0 = Release|Any CPU
		{274E1BD3-627D-46BC-8281-5440D7703EBF}.Release|x64.ActiveCfg = Release|Any CPU
		{274E1BD3-627D-46BC-8281-5440D7703EBF}.Release|x64.Build.0 = Release|Any CPU
		{274E1BD3-627D-46BC-8281-5440D7703EBF}.Release|x86.ActiveCfg = Release|Any CPU
		{274E1BD3-627D-46BC-8281-5440D7703EBF}.Release|x86.Build.0 = Release|Any CPU
		{8E440DCB-FCBC-4308-AB3D-50C38D017A40}.Debug|Any CPU.ActiveCfg = Debug|Any CPU
		{8E440DCB-FCBC-4308-AB3D-50C38D017A40}.Debug|Any CPU.Build.0 = Debug|Any CPU
		{8E440DCB-FCBC-4308-AB3D-50C38D017A40}.Debug|x64.ActiveCfg = Debug|Any CPU
		{8E440DCB-FCBC-4308-AB3D-50C38D017A40}.Debug|x64.Build.0 = Debug|Any CPU
		{8E440DCB-FCBC-4308-AB3D-50C38D017A40}.Debug|x86.ActiveCfg = Debug|Any CPU
		{8E440DCB-FCBC-4308-AB3D-50C38D017A40}.Debug|x86.Build.0 = Debug|Any CPU
		{8E440DCB-FCBC-4308-AB3D-50C38D017A40}.Release|Any CPU.ActiveCfg = Release|Any CPU
		{8E440DCB-FCBC-4308-AB3D-50C38D017A40}.Release|Any CPU.Build.0 = Release|Any CPU
		{8E440DCB-FCBC-4308-AB3D-50C38D017A40}.Release|x64.ActiveCfg = Release|Any CPU
		{8E440DCB-FCBC-4308-AB3D-50C38D017A40}.Release|x64.Build.0 = Release|Any CPU
		{8E440DCB-FCBC-4308-AB3D-50C38D017A40}.Release|x86.ActiveCfg = Release|Any CPU
		{8E440DCB-FCBC-4308-AB3D-50C38D017A40}.Release|x86.Build.0 = Release|Any CPU
		{0C6D494A-036A-4CB6-AB07-61D8AC8C70CB}.Debug|Any CPU.ActiveCfg = Debug|Any CPU
		{0C6D494A-036A-4CB6-AB07-61D8AC8C70CB}.Debug|Any CPU.Build.0 = Debug|Any CPU
		{0C6D494A-036A-4CB6-AB07-61D8AC8C70CB}.Debug|x64.ActiveCfg = Debug|Any CPU
		{0C6D494A-036A-4CB6-AB07-61D8AC8C70CB}.Debug|x64.Build.0 = Debug|Any CPU
		{0C6D494A-036A-4CB6-AB07-61D8AC8C70CB}.Debug|x86.ActiveCfg = Debug|Any CPU
		{0C6D494A-036A-4CB6-AB07-61D8AC8C70CB}.Debug|x86.Build.0 = Debug|Any CPU
		{0C6D494A-036A-4CB6-AB07-61D8AC8C70CB}.Release|Any CPU.ActiveCfg = Release|Any CPU
		{0C6D494A-036A-4CB6-AB07-61D8AC8C70CB}.Release|Any CPU.Build.0 = Release|Any CPU
		{0C6D494A-036A-4CB6-AB07-61D8AC8C70CB}.Release|x64.ActiveCfg = Release|Any CPU
		{0C6D494A-036A-4CB6-AB07-61D8AC8C70CB}.Release|x64.Build.0 = Release|Any CPU
		{0C6D494A-036A-4CB6-AB07-61D8AC8C70CB}.Release|x86.ActiveCfg = Release|Any CPU
		{0C6D494A-036A-4CB6-AB07-61D8AC8C70CB}.Release|x86.Build.0 = Release|Any CPU
		{ED8A0C73-FA4E-4FAC-93F7-27C67A940628}.Debug|Any CPU.ActiveCfg = Debug|Any CPU
		{ED8A0C73-FA4E-4FAC-93F7-27C67A940628}.Debug|Any CPU.Build.0 = Debug|Any CPU
		{ED8A0C73-FA4E-4FAC-93F7-27C67A940628}.Debug|x64.ActiveCfg = Debug|Any CPU
		{ED8A0C73-FA4E-4FAC-93F7-27C67A940628}.Debug|x64.Build.0 = Debug|Any CPU
		{ED8A0C73-FA4E-4FAC-93F7-27C67A940628}.Debug|x86.ActiveCfg = Debug|Any CPU
		{ED8A0C73-FA4E-4FAC-93F7-27C67A940628}.Debug|x86.Build.0 = Debug|Any CPU
		{ED8A0C73-FA4E-4FAC-93F7-27C67A940628}.Release|Any CPU.ActiveCfg = Release|Any CPU
		{ED8A0C73-FA4E-4FAC-93F7-27C67A940628}.Release|Any CPU.Build.0 = Release|Any CPU
		{ED8A0C73-FA4E-4FAC-93F7-27C67A940628}.Release|x64.ActiveCfg = Release|Any CPU
		{ED8A0C73-FA4E-4FAC-93F7-27C67A940628}.Release|x64.Build.0 = Release|Any CPU
		{ED8A0C73-FA4E-4FAC-93F7-27C67A940628}.Release|x86.ActiveCfg = Release|Any CPU
		{ED8A0C73-FA4E-4FAC-93F7-27C67A940628}.Release|x86.Build.0 = Release|Any CPU
		{DD2E08EE-0E64-4AB9-B8DC-03DE7E8B4E04}.Debug|Any CPU.ActiveCfg = Debug|Any CPU
		{DD2E08EE-0E64-4AB9-B8DC-03DE7E8B4E04}.Debug|Any CPU.Build.0 = Debug|Any CPU
		{DD2E08EE-0E64-4AB9-B8DC-03DE7E8B4E04}.Debug|x64.ActiveCfg = Debug|Any CPU
		{DD2E08EE-0E64-4AB9-B8DC-03DE7E8B4E04}.Debug|x64.Build.0 = Debug|Any CPU
		{DD2E08EE-0E64-4AB9-B8DC-03DE7E8B4E04}.Debug|x86.ActiveCfg = Debug|Any CPU
		{DD2E08EE-0E64-4AB9-B8DC-03DE7E8B4E04}.Debug|x86.Build.0 = Debug|Any CPU
		{DD2E08EE-0E64-4AB9-B8DC-03DE7E8B4E04}.Release|Any CPU.ActiveCfg = Release|Any CPU
		{DD2E08EE-0E64-4AB9-B8DC-03DE7E8B4E04}.Release|Any CPU.Build.0 = Release|Any CPU
		{DD2E08EE-0E64-4AB9-B8DC-03DE7E8B4E04}.Release|x64.ActiveCfg = Release|Any CPU
		{DD2E08EE-0E64-4AB9-B8DC-03DE7E8B4E04}.Release|x64.Build.0 = Release|Any CPU
		{DD2E08EE-0E64-4AB9-B8DC-03DE7E8B4E04}.Release|x86.ActiveCfg = Release|Any CPU
		{DD2E08EE-0E64-4AB9-B8DC-03DE7E8B4E04}.Release|x86.Build.0 = Release|Any CPU
		{E2693237-D8F2-4E1C-B3C3-0B3ACFB73728}.Debug|Any CPU.ActiveCfg = Debug|Any CPU
		{E2693237-D8F2-4E1C-B3C3-0B3ACFB73728}.Debug|Any CPU.Build.0 = Debug|Any CPU
		{E2693237-D8F2-4E1C-B3C3-0B3ACFB73728}.Debug|x64.ActiveCfg = Debug|Any CPU
		{E2693237-D8F2-4E1C-B3C3-0B3ACFB73728}.Debug|x64.Build.0 = Debug|Any CPU
		{E2693237-D8F2-4E1C-B3C3-0B3ACFB73728}.Debug|x86.ActiveCfg = Debug|Any CPU
		{E2693237-D8F2-4E1C-B3C3-0B3ACFB73728}.Debug|x86.Build.0 = Debug|Any CPU
		{E2693237-D8F2-4E1C-B3C3-0B3ACFB73728}.Release|Any CPU.ActiveCfg = Release|Any CPU
		{E2693237-D8F2-4E1C-B3C3-0B3ACFB73728}.Release|Any CPU.Build.0 = Release|Any CPU
		{E2693237-D8F2-4E1C-B3C3-0B3ACFB73728}.Release|x64.ActiveCfg = Release|Any CPU
		{E2693237-D8F2-4E1C-B3C3-0B3ACFB73728}.Release|x64.Build.0 = Release|Any CPU
		{E2693237-D8F2-4E1C-B3C3-0B3ACFB73728}.Release|x86.ActiveCfg = Release|Any CPU
		{E2693237-D8F2-4E1C-B3C3-0B3ACFB73728}.Release|x86.Build.0 = Release|Any CPU
		{7D255150-76CB-4A65-AFEA-F88778ABF03B}.Debug|Any CPU.ActiveCfg = Debug|Any CPU
		{7D255150-76CB-4A65-AFEA-F88778ABF03B}.Debug|Any CPU.Build.0 = Debug|Any CPU
		{7D255150-76CB-4A65-AFEA-F88778ABF03B}.Debug|x64.ActiveCfg = Debug|Any CPU
		{7D255150-76CB-4A65-AFEA-F88778ABF03B}.Debug|x64.Build.0 = Debug|Any CPU
		{7D255150-76CB-4A65-AFEA-F88778ABF03B}.Debug|x86.ActiveCfg = Debug|Any CPU
		{7D255150-76CB-4A65-AFEA-F88778ABF03B}.Debug|x86.Build.0 = Debug|Any CPU
		{7D255150-76CB-4A65-AFEA-F88778ABF03B}.Release|Any CPU.ActiveCfg = Release|Any CPU
		{7D255150-76CB-4A65-AFEA-F88778ABF03B}.Release|Any CPU.Build.0 = Release|Any CPU
		{7D255150-76CB-4A65-AFEA-F88778ABF03B}.Release|x64.ActiveCfg = Release|Any CPU
		{7D255150-76CB-4A65-AFEA-F88778ABF03B}.Release|x64.Build.0 = Release|Any CPU
		{7D255150-76CB-4A65-AFEA-F88778ABF03B}.Release|x86.ActiveCfg = Release|Any CPU
		{7D255150-76CB-4A65-AFEA-F88778ABF03B}.Release|x86.Build.0 = Release|Any CPU
		{0BB38D20-C3CF-47D7-8E2E-97195672AB67}.Debug|Any CPU.ActiveCfg = Debug|Any CPU
		{0BB38D20-C3CF-47D7-8E2E-97195672AB67}.Debug|x64.ActiveCfg = Debug|Any CPU
		{0BB38D20-C3CF-47D7-8E2E-97195672AB67}.Debug|x64.Build.0 = Debug|Any CPU
		{0BB38D20-C3CF-47D7-8E2E-97195672AB67}.Debug|x86.ActiveCfg = Debug|Any CPU
		{0BB38D20-C3CF-47D7-8E2E-97195672AB67}.Debug|x86.Build.0 = Debug|Any CPU
		{0BB38D20-C3CF-47D7-8E2E-97195672AB67}.Release|Any CPU.ActiveCfg = Release|Any CPU
		{0BB38D20-C3CF-47D7-8E2E-97195672AB67}.Release|Any CPU.Build.0 = Release|Any CPU
		{0BB38D20-C3CF-47D7-8E2E-97195672AB67}.Release|x64.ActiveCfg = Release|Any CPU
		{0BB38D20-C3CF-47D7-8E2E-97195672AB67}.Release|x64.Build.0 = Release|Any CPU
		{0BB38D20-C3CF-47D7-8E2E-97195672AB67}.Release|x86.ActiveCfg = Release|Any CPU
		{0BB38D20-C3CF-47D7-8E2E-97195672AB67}.Release|x86.Build.0 = Release|Any CPU
		{FB4B7306-DECC-457C-8F4C-6CE946F753D6}.Debug|Any CPU.ActiveCfg = Debug|Any CPU
		{FB4B7306-DECC-457C-8F4C-6CE946F753D6}.Debug|Any CPU.Build.0 = Debug|Any CPU
		{FB4B7306-DECC-457C-8F4C-6CE946F753D6}.Debug|x64.ActiveCfg = Debug|Any CPU
		{FB4B7306-DECC-457C-8F4C-6CE946F753D6}.Debug|x64.Build.0 = Debug|Any CPU
		{FB4B7306-DECC-457C-8F4C-6CE946F753D6}.Debug|x86.ActiveCfg = Debug|Any CPU
		{FB4B7306-DECC-457C-8F4C-6CE946F753D6}.Debug|x86.Build.0 = Debug|Any CPU
		{FB4B7306-DECC-457C-8F4C-6CE946F753D6}.Release|Any CPU.ActiveCfg = Release|Any CPU
		{FB4B7306-DECC-457C-8F4C-6CE946F753D6}.Release|Any CPU.Build.0 = Release|Any CPU
		{FB4B7306-DECC-457C-8F4C-6CE946F753D6}.Release|x64.ActiveCfg = Release|Any CPU
		{FB4B7306-DECC-457C-8F4C-6CE946F753D6}.Release|x64.Build.0 = Release|Any CPU
		{FB4B7306-DECC-457C-8F4C-6CE946F753D6}.Release|x86.ActiveCfg = Release|Any CPU
		{FB4B7306-DECC-457C-8F4C-6CE946F753D6}.Release|x86.Build.0 = Release|Any CPU
		{134CCE10-A4C7-4632-BDF9-631241EA6FB9}.Debug|Any CPU.ActiveCfg = Debug|Any CPU
		{134CCE10-A4C7-4632-BDF9-631241EA6FB9}.Debug|Any CPU.Build.0 = Debug|Any CPU
		{134CCE10-A4C7-4632-BDF9-631241EA6FB9}.Debug|x64.ActiveCfg = Debug|Any CPU
		{134CCE10-A4C7-4632-BDF9-631241EA6FB9}.Debug|x64.Build.0 = Debug|Any CPU
		{134CCE10-A4C7-4632-BDF9-631241EA6FB9}.Debug|x86.ActiveCfg = Debug|Any CPU
		{134CCE10-A4C7-4632-BDF9-631241EA6FB9}.Debug|x86.Build.0 = Debug|Any CPU
		{134CCE10-A4C7-4632-BDF9-631241EA6FB9}.Release|Any CPU.ActiveCfg = Release|Any CPU
		{134CCE10-A4C7-4632-BDF9-631241EA6FB9}.Release|Any CPU.Build.0 = Release|Any CPU
		{134CCE10-A4C7-4632-BDF9-631241EA6FB9}.Release|x64.ActiveCfg = Release|Any CPU
		{134CCE10-A4C7-4632-BDF9-631241EA6FB9}.Release|x64.Build.0 = Release|Any CPU
		{134CCE10-A4C7-4632-BDF9-631241EA6FB9}.Release|x86.ActiveCfg = Release|Any CPU
		{134CCE10-A4C7-4632-BDF9-631241EA6FB9}.Release|x86.Build.0 = Release|Any CPU
		{C38954D1-7490-4D96-8AE7-67468EA3E638}.Debug|Any CPU.ActiveCfg = Debug|Any CPU
		{C38954D1-7490-4D96-8AE7-67468EA3E638}.Debug|Any CPU.Build.0 = Debug|Any CPU
		{C38954D1-7490-4D96-8AE7-67468EA3E638}.Debug|x64.ActiveCfg = Debug|Any CPU
		{C38954D1-7490-4D96-8AE7-67468EA3E638}.Debug|x64.Build.0 = Debug|Any CPU
		{C38954D1-7490-4D96-8AE7-67468EA3E638}.Debug|x86.ActiveCfg = Debug|Any CPU
		{C38954D1-7490-4D96-8AE7-67468EA3E638}.Debug|x86.Build.0 = Debug|Any CPU
		{C38954D1-7490-4D96-8AE7-67468EA3E638}.Release|Any CPU.ActiveCfg = Release|Any CPU
		{C38954D1-7490-4D96-8AE7-67468EA3E638}.Release|Any CPU.Build.0 = Release|Any CPU
		{C38954D1-7490-4D96-8AE7-67468EA3E638}.Release|x64.ActiveCfg = Release|Any CPU
		{C38954D1-7490-4D96-8AE7-67468EA3E638}.Release|x64.Build.0 = Release|Any CPU
		{C38954D1-7490-4D96-8AE7-67468EA3E638}.Release|x86.ActiveCfg = Release|Any CPU
		{C38954D1-7490-4D96-8AE7-67468EA3E638}.Release|x86.Build.0 = Release|Any CPU
		{F99794F3-872A-4A2A-91DD-E21ADBCCCB61}.Debug|Any CPU.ActiveCfg = Debug|Any CPU
		{F99794F3-872A-4A2A-91DD-E21ADBCCCB61}.Debug|Any CPU.Build.0 = Debug|Any CPU
		{F99794F3-872A-4A2A-91DD-E21ADBCCCB61}.Debug|x64.ActiveCfg = Debug|Any CPU
		{F99794F3-872A-4A2A-91DD-E21ADBCCCB61}.Debug|x64.Build.0 = Debug|Any CPU
		{F99794F3-872A-4A2A-91DD-E21ADBCCCB61}.Debug|x86.ActiveCfg = Debug|Any CPU
		{F99794F3-872A-4A2A-91DD-E21ADBCCCB61}.Debug|x86.Build.0 = Debug|Any CPU
		{F99794F3-872A-4A2A-91DD-E21ADBCCCB61}.Release|Any CPU.ActiveCfg = Release|Any CPU
		{F99794F3-872A-4A2A-91DD-E21ADBCCCB61}.Release|Any CPU.Build.0 = Release|Any CPU
		{F99794F3-872A-4A2A-91DD-E21ADBCCCB61}.Release|x64.ActiveCfg = Release|Any CPU
		{F99794F3-872A-4A2A-91DD-E21ADBCCCB61}.Release|x64.Build.0 = Release|Any CPU
		{F99794F3-872A-4A2A-91DD-E21ADBCCCB61}.Release|x86.ActiveCfg = Release|Any CPU
		{F99794F3-872A-4A2A-91DD-E21ADBCCCB61}.Release|x86.Build.0 = Release|Any CPU
		{05219D39-7AFF-48F0-93B9-178BC88D4D98}.Debug|Any CPU.ActiveCfg = Debug|Any CPU
		{05219D39-7AFF-48F0-93B9-178BC88D4D98}.Debug|Any CPU.Build.0 = Debug|Any CPU
		{05219D39-7AFF-48F0-93B9-178BC88D4D98}.Debug|x64.ActiveCfg = Debug|Any CPU
		{05219D39-7AFF-48F0-93B9-178BC88D4D98}.Debug|x64.Build.0 = Debug|Any CPU
		{05219D39-7AFF-48F0-93B9-178BC88D4D98}.Debug|x86.ActiveCfg = Debug|Any CPU
		{05219D39-7AFF-48F0-93B9-178BC88D4D98}.Debug|x86.Build.0 = Debug|Any CPU
		{05219D39-7AFF-48F0-93B9-178BC88D4D98}.Release|Any CPU.ActiveCfg = Release|Any CPU
		{05219D39-7AFF-48F0-93B9-178BC88D4D98}.Release|Any CPU.Build.0 = Release|Any CPU
		{05219D39-7AFF-48F0-93B9-178BC88D4D98}.Release|x64.ActiveCfg = Release|Any CPU
		{05219D39-7AFF-48F0-93B9-178BC88D4D98}.Release|x64.Build.0 = Release|Any CPU
		{05219D39-7AFF-48F0-93B9-178BC88D4D98}.Release|x86.ActiveCfg = Release|Any CPU
		{05219D39-7AFF-48F0-93B9-178BC88D4D98}.Release|x86.Build.0 = Release|Any CPU
		{D3003B68-0D1E-47B2-84CA-D6B749BABC74}.Debug|Any CPU.ActiveCfg = Debug|Any CPU
		{D3003B68-0D1E-47B2-84CA-D6B749BABC74}.Debug|Any CPU.Build.0 = Debug|Any CPU
		{D3003B68-0D1E-47B2-84CA-D6B749BABC74}.Debug|x64.ActiveCfg = Debug|Any CPU
		{D3003B68-0D1E-47B2-84CA-D6B749BABC74}.Debug|x64.Build.0 = Debug|Any CPU
		{D3003B68-0D1E-47B2-84CA-D6B749BABC74}.Debug|x86.ActiveCfg = Debug|Any CPU
		{D3003B68-0D1E-47B2-84CA-D6B749BABC74}.Debug|x86.Build.0 = Debug|Any CPU
		{D3003B68-0D1E-47B2-84CA-D6B749BABC74}.Release|Any CPU.ActiveCfg = Release|Any CPU
		{D3003B68-0D1E-47B2-84CA-D6B749BABC74}.Release|Any CPU.Build.0 = Release|Any CPU
		{D3003B68-0D1E-47B2-84CA-D6B749BABC74}.Release|x64.ActiveCfg = Release|Any CPU
		{D3003B68-0D1E-47B2-84CA-D6B749BABC74}.Release|x64.Build.0 = Release|Any CPU
		{D3003B68-0D1E-47B2-84CA-D6B749BABC74}.Release|x86.ActiveCfg = Release|Any CPU
		{D3003B68-0D1E-47B2-84CA-D6B749BABC74}.Release|x86.Build.0 = Release|Any CPU
		{DD286D3B-0690-43D7-A3BA-AF8680FAD301}.Debug|Any CPU.ActiveCfg = Debug|Any CPU
		{DD286D3B-0690-43D7-A3BA-AF8680FAD301}.Debug|Any CPU.Build.0 = Debug|Any CPU
		{DD286D3B-0690-43D7-A3BA-AF8680FAD301}.Debug|x64.ActiveCfg = Debug|Any CPU
		{DD286D3B-0690-43D7-A3BA-AF8680FAD301}.Debug|x64.Build.0 = Debug|Any CPU
		{DD286D3B-0690-43D7-A3BA-AF8680FAD301}.Debug|x86.ActiveCfg = Debug|Any CPU
		{DD286D3B-0690-43D7-A3BA-AF8680FAD301}.Debug|x86.Build.0 = Debug|Any CPU
		{DD286D3B-0690-43D7-A3BA-AF8680FAD301}.Release|Any CPU.ActiveCfg = Release|Any CPU
		{DD286D3B-0690-43D7-A3BA-AF8680FAD301}.Release|Any CPU.Build.0 = Release|Any CPU
		{DD286D3B-0690-43D7-A3BA-AF8680FAD301}.Release|x64.ActiveCfg = Release|Any CPU
		{DD286D3B-0690-43D7-A3BA-AF8680FAD301}.Release|x64.Build.0 = Release|Any CPU
		{DD286D3B-0690-43D7-A3BA-AF8680FAD301}.Release|x86.ActiveCfg = Release|Any CPU
		{DD286D3B-0690-43D7-A3BA-AF8680FAD301}.Release|x86.Build.0 = Release|Any CPU
		{7372311C-7A31-4D97-A2C0-FC005FC345C1}.Debug|Any CPU.ActiveCfg = Debug|Any CPU
		{7372311C-7A31-4D97-A2C0-FC005FC345C1}.Debug|Any CPU.Build.0 = Debug|Any CPU
		{7372311C-7A31-4D97-A2C0-FC005FC345C1}.Debug|x64.ActiveCfg = Debug|Any CPU
		{7372311C-7A31-4D97-A2C0-FC005FC345C1}.Debug|x64.Build.0 = Debug|Any CPU
		{7372311C-7A31-4D97-A2C0-FC005FC345C1}.Debug|x86.ActiveCfg = Debug|Any CPU
		{7372311C-7A31-4D97-A2C0-FC005FC345C1}.Debug|x86.Build.0 = Debug|Any CPU
		{7372311C-7A31-4D97-A2C0-FC005FC345C1}.Release|Any CPU.ActiveCfg = Release|Any CPU
		{7372311C-7A31-4D97-A2C0-FC005FC345C1}.Release|Any CPU.Build.0 = Release|Any CPU
		{7372311C-7A31-4D97-A2C0-FC005FC345C1}.Release|x64.ActiveCfg = Release|Any CPU
		{7372311C-7A31-4D97-A2C0-FC005FC345C1}.Release|x64.Build.0 = Release|Any CPU
		{7372311C-7A31-4D97-A2C0-FC005FC345C1}.Release|x86.ActiveCfg = Release|Any CPU
		{7372311C-7A31-4D97-A2C0-FC005FC345C1}.Release|x86.Build.0 = Release|Any CPU
		{0A17E1EE-3912-491F-A9DB-E5F72B36938D}.Debug|Any CPU.ActiveCfg = Debug|Any CPU
		{0A17E1EE-3912-491F-A9DB-E5F72B36938D}.Debug|Any CPU.Build.0 = Debug|Any CPU
		{0A17E1EE-3912-491F-A9DB-E5F72B36938D}.Debug|x64.ActiveCfg = Debug|Any CPU
		{0A17E1EE-3912-491F-A9DB-E5F72B36938D}.Debug|x64.Build.0 = Debug|Any CPU
		{0A17E1EE-3912-491F-A9DB-E5F72B36938D}.Debug|x86.ActiveCfg = Debug|Any CPU
		{0A17E1EE-3912-491F-A9DB-E5F72B36938D}.Debug|x86.Build.0 = Debug|Any CPU
		{0A17E1EE-3912-491F-A9DB-E5F72B36938D}.Release|Any CPU.ActiveCfg = Release|Any CPU
		{0A17E1EE-3912-491F-A9DB-E5F72B36938D}.Release|Any CPU.Build.0 = Release|Any CPU
		{0A17E1EE-3912-491F-A9DB-E5F72B36938D}.Release|x64.ActiveCfg = Release|Any CPU
		{0A17E1EE-3912-491F-A9DB-E5F72B36938D}.Release|x64.Build.0 = Release|Any CPU
		{0A17E1EE-3912-491F-A9DB-E5F72B36938D}.Release|x86.ActiveCfg = Release|Any CPU
		{0A17E1EE-3912-491F-A9DB-E5F72B36938D}.Release|x86.Build.0 = Release|Any CPU
		{FFBD38E6-2CAE-4A9F-9E51-2A3CEFD82A0D}.Debug|Any CPU.ActiveCfg = Debug|Any CPU
		{FFBD38E6-2CAE-4A9F-9E51-2A3CEFD82A0D}.Debug|Any CPU.Build.0 = Debug|Any CPU
		{FFBD38E6-2CAE-4A9F-9E51-2A3CEFD82A0D}.Debug|x64.ActiveCfg = Debug|Any CPU
		{FFBD38E6-2CAE-4A9F-9E51-2A3CEFD82A0D}.Debug|x64.Build.0 = Debug|Any CPU
		{FFBD38E6-2CAE-4A9F-9E51-2A3CEFD82A0D}.Debug|x86.ActiveCfg = Debug|Any CPU
		{FFBD38E6-2CAE-4A9F-9E51-2A3CEFD82A0D}.Debug|x86.Build.0 = Debug|Any CPU
		{FFBD38E6-2CAE-4A9F-9E51-2A3CEFD82A0D}.Release|Any CPU.ActiveCfg = Release|Any CPU
		{FFBD38E6-2CAE-4A9F-9E51-2A3CEFD82A0D}.Release|Any CPU.Build.0 = Release|Any CPU
		{FFBD38E6-2CAE-4A9F-9E51-2A3CEFD82A0D}.Release|x64.ActiveCfg = Release|Any CPU
		{FFBD38E6-2CAE-4A9F-9E51-2A3CEFD82A0D}.Release|x64.Build.0 = Release|Any CPU
		{FFBD38E6-2CAE-4A9F-9E51-2A3CEFD82A0D}.Release|x86.ActiveCfg = Release|Any CPU
		{FFBD38E6-2CAE-4A9F-9E51-2A3CEFD82A0D}.Release|x86.Build.0 = Release|Any CPU
		{72F0E73F-C5E7-4059-AE51-D285221A79F6}.Debug|Any CPU.ActiveCfg = Debug|Any CPU
		{72F0E73F-C5E7-4059-AE51-D285221A79F6}.Debug|Any CPU.Build.0 = Debug|Any CPU
		{72F0E73F-C5E7-4059-AE51-D285221A79F6}.Debug|x64.ActiveCfg = Debug|Any CPU
		{72F0E73F-C5E7-4059-AE51-D285221A79F6}.Debug|x64.Build.0 = Debug|Any CPU
		{72F0E73F-C5E7-4059-AE51-D285221A79F6}.Debug|x86.ActiveCfg = Debug|Any CPU
		{72F0E73F-C5E7-4059-AE51-D285221A79F6}.Debug|x86.Build.0 = Debug|Any CPU
		{72F0E73F-C5E7-4059-AE51-D285221A79F6}.Release|Any CPU.ActiveCfg = Release|Any CPU
		{72F0E73F-C5E7-4059-AE51-D285221A79F6}.Release|Any CPU.Build.0 = Release|Any CPU
		{72F0E73F-C5E7-4059-AE51-D285221A79F6}.Release|x64.ActiveCfg = Release|Any CPU
		{72F0E73F-C5E7-4059-AE51-D285221A79F6}.Release|x64.Build.0 = Release|Any CPU
		{72F0E73F-C5E7-4059-AE51-D285221A79F6}.Release|x86.ActiveCfg = Release|Any CPU
		{72F0E73F-C5E7-4059-AE51-D285221A79F6}.Release|x86.Build.0 = Release|Any CPU
		{9E580A41-AD4F-4106-AA50-EFDB46DEA40A}.Debug|Any CPU.ActiveCfg = Debug|Any CPU
		{9E580A41-AD4F-4106-AA50-EFDB46DEA40A}.Debug|Any CPU.Build.0 = Debug|Any CPU
		{9E580A41-AD4F-4106-AA50-EFDB46DEA40A}.Debug|x64.ActiveCfg = Debug|Any CPU
		{9E580A41-AD4F-4106-AA50-EFDB46DEA40A}.Debug|x64.Build.0 = Debug|Any CPU
		{9E580A41-AD4F-4106-AA50-EFDB46DEA40A}.Debug|x86.ActiveCfg = Debug|Any CPU
		{9E580A41-AD4F-4106-AA50-EFDB46DEA40A}.Debug|x86.Build.0 = Debug|Any CPU
		{9E580A41-AD4F-4106-AA50-EFDB46DEA40A}.Release|Any CPU.ActiveCfg = Release|Any CPU
		{9E580A41-AD4F-4106-AA50-EFDB46DEA40A}.Release|Any CPU.Build.0 = Release|Any CPU
		{9E580A41-AD4F-4106-AA50-EFDB46DEA40A}.Release|x64.ActiveCfg = Release|Any CPU
		{9E580A41-AD4F-4106-AA50-EFDB46DEA40A}.Release|x64.Build.0 = Release|Any CPU
		{9E580A41-AD4F-4106-AA50-EFDB46DEA40A}.Release|x86.ActiveCfg = Release|Any CPU
		{9E580A41-AD4F-4106-AA50-EFDB46DEA40A}.Release|x86.Build.0 = Release|Any CPU
		{6D1DE0A5-8E7D-403E-8470-F72BB06FD35A}.Debug|Any CPU.ActiveCfg = Debug|Any CPU
		{6D1DE0A5-8E7D-403E-8470-F72BB06FD35A}.Debug|Any CPU.Build.0 = Debug|Any CPU
		{6D1DE0A5-8E7D-403E-8470-F72BB06FD35A}.Debug|x64.ActiveCfg = Debug|Any CPU
		{6D1DE0A5-8E7D-403E-8470-F72BB06FD35A}.Debug|x64.Build.0 = Debug|Any CPU
		{6D1DE0A5-8E7D-403E-8470-F72BB06FD35A}.Debug|x86.ActiveCfg = Debug|Any CPU
		{6D1DE0A5-8E7D-403E-8470-F72BB06FD35A}.Debug|x86.Build.0 = Debug|Any CPU
		{6D1DE0A5-8E7D-403E-8470-F72BB06FD35A}.Release|Any CPU.ActiveCfg = Release|Any CPU
		{6D1DE0A5-8E7D-403E-8470-F72BB06FD35A}.Release|Any CPU.Build.0 = Release|Any CPU
		{6D1DE0A5-8E7D-403E-8470-F72BB06FD35A}.Release|x64.ActiveCfg = Release|Any CPU
		{6D1DE0A5-8E7D-403E-8470-F72BB06FD35A}.Release|x64.Build.0 = Release|Any CPU
		{6D1DE0A5-8E7D-403E-8470-F72BB06FD35A}.Release|x86.ActiveCfg = Release|Any CPU
		{6D1DE0A5-8E7D-403E-8470-F72BB06FD35A}.Release|x86.Build.0 = Release|Any CPU
		{E1E76750-042A-4EB5-A753-402C5AD07780}.Debug|Any CPU.ActiveCfg = Debug|Any CPU
		{E1E76750-042A-4EB5-A753-402C5AD07780}.Debug|Any CPU.Build.0 = Debug|Any CPU
		{E1E76750-042A-4EB5-A753-402C5AD07780}.Debug|x64.ActiveCfg = Debug|Any CPU
		{E1E76750-042A-4EB5-A753-402C5AD07780}.Debug|x64.Build.0 = Debug|Any CPU
		{E1E76750-042A-4EB5-A753-402C5AD07780}.Debug|x86.ActiveCfg = Debug|Any CPU
		{E1E76750-042A-4EB5-A753-402C5AD07780}.Debug|x86.Build.0 = Debug|Any CPU
		{E1E76750-042A-4EB5-A753-402C5AD07780}.Release|Any CPU.ActiveCfg = Release|Any CPU
		{E1E76750-042A-4EB5-A753-402C5AD07780}.Release|Any CPU.Build.0 = Release|Any CPU
		{E1E76750-042A-4EB5-A753-402C5AD07780}.Release|x64.ActiveCfg = Release|Any CPU
		{E1E76750-042A-4EB5-A753-402C5AD07780}.Release|x64.Build.0 = Release|Any CPU
		{E1E76750-042A-4EB5-A753-402C5AD07780}.Release|x86.ActiveCfg = Release|Any CPU
		{E1E76750-042A-4EB5-A753-402C5AD07780}.Release|x86.Build.0 = Release|Any CPU
		{6494E133-B334-4183-AF63-1287AC4E9085}.Debug|Any CPU.ActiveCfg = Debug|Any CPU
		{6494E133-B334-4183-AF63-1287AC4E9085}.Debug|Any CPU.Build.0 = Debug|Any CPU
		{6494E133-B334-4183-AF63-1287AC4E9085}.Debug|x64.ActiveCfg = Debug|Any CPU
		{6494E133-B334-4183-AF63-1287AC4E9085}.Debug|x64.Build.0 = Debug|Any CPU
		{6494E133-B334-4183-AF63-1287AC4E9085}.Debug|x86.ActiveCfg = Debug|Any CPU
		{6494E133-B334-4183-AF63-1287AC4E9085}.Debug|x86.Build.0 = Debug|Any CPU
		{6494E133-B334-4183-AF63-1287AC4E9085}.Release|Any CPU.ActiveCfg = Release|Any CPU
		{6494E133-B334-4183-AF63-1287AC4E9085}.Release|Any CPU.Build.0 = Release|Any CPU
		{6494E133-B334-4183-AF63-1287AC4E9085}.Release|x64.ActiveCfg = Release|Any CPU
		{6494E133-B334-4183-AF63-1287AC4E9085}.Release|x64.Build.0 = Release|Any CPU
		{6494E133-B334-4183-AF63-1287AC4E9085}.Release|x86.ActiveCfg = Release|Any CPU
		{6494E133-B334-4183-AF63-1287AC4E9085}.Release|x86.Build.0 = Release|Any CPU
		{24A7C9D4-042C-4687-ABAD-339F3C07CDDF}.Debug|Any CPU.ActiveCfg = Debug|Any CPU
		{24A7C9D4-042C-4687-ABAD-339F3C07CDDF}.Debug|Any CPU.Build.0 = Debug|Any CPU
		{24A7C9D4-042C-4687-ABAD-339F3C07CDDF}.Debug|x64.ActiveCfg = Debug|Any CPU
		{24A7C9D4-042C-4687-ABAD-339F3C07CDDF}.Debug|x64.Build.0 = Debug|Any CPU
		{24A7C9D4-042C-4687-ABAD-339F3C07CDDF}.Debug|x86.ActiveCfg = Debug|Any CPU
		{24A7C9D4-042C-4687-ABAD-339F3C07CDDF}.Debug|x86.Build.0 = Debug|Any CPU
		{24A7C9D4-042C-4687-ABAD-339F3C07CDDF}.Release|Any CPU.ActiveCfg = Release|Any CPU
		{24A7C9D4-042C-4687-ABAD-339F3C07CDDF}.Release|Any CPU.Build.0 = Release|Any CPU
		{24A7C9D4-042C-4687-ABAD-339F3C07CDDF}.Release|x64.ActiveCfg = Release|Any CPU
		{24A7C9D4-042C-4687-ABAD-339F3C07CDDF}.Release|x64.Build.0 = Release|Any CPU
		{24A7C9D4-042C-4687-ABAD-339F3C07CDDF}.Release|x86.ActiveCfg = Release|Any CPU
		{24A7C9D4-042C-4687-ABAD-339F3C07CDDF}.Release|x86.Build.0 = Release|Any CPU
		{8506EBB7-AAC4-49AF-ACAD-616D500ECF2A}.Debug|Any CPU.ActiveCfg = Debug|Any CPU
		{8506EBB7-AAC4-49AF-ACAD-616D500ECF2A}.Debug|Any CPU.Build.0 = Debug|Any CPU
		{8506EBB7-AAC4-49AF-ACAD-616D500ECF2A}.Debug|x64.ActiveCfg = Debug|Any CPU
		{8506EBB7-AAC4-49AF-ACAD-616D500ECF2A}.Debug|x64.Build.0 = Debug|Any CPU
		{8506EBB7-AAC4-49AF-ACAD-616D500ECF2A}.Debug|x86.ActiveCfg = Debug|Any CPU
		{8506EBB7-AAC4-49AF-ACAD-616D500ECF2A}.Debug|x86.Build.0 = Debug|Any CPU
		{8506EBB7-AAC4-49AF-ACAD-616D500ECF2A}.Release|Any CPU.ActiveCfg = Release|Any CPU
		{8506EBB7-AAC4-49AF-ACAD-616D500ECF2A}.Release|Any CPU.Build.0 = Release|Any CPU
		{8506EBB7-AAC4-49AF-ACAD-616D500ECF2A}.Release|x64.ActiveCfg = Release|Any CPU
		{8506EBB7-AAC4-49AF-ACAD-616D500ECF2A}.Release|x64.Build.0 = Release|Any CPU
		{8506EBB7-AAC4-49AF-ACAD-616D500ECF2A}.Release|x86.ActiveCfg = Release|Any CPU
		{8506EBB7-AAC4-49AF-ACAD-616D500ECF2A}.Release|x86.Build.0 = Release|Any CPU
		{805251B5-D40B-4920-B725-6C92B4C9DBE2}.Debug|Any CPU.ActiveCfg = Debug|Any CPU
		{805251B5-D40B-4920-B725-6C92B4C9DBE2}.Debug|Any CPU.Build.0 = Debug|Any CPU
		{805251B5-D40B-4920-B725-6C92B4C9DBE2}.Debug|x64.ActiveCfg = Debug|Any CPU
		{805251B5-D40B-4920-B725-6C92B4C9DBE2}.Debug|x64.Build.0 = Debug|Any CPU
		{805251B5-D40B-4920-B725-6C92B4C9DBE2}.Debug|x86.ActiveCfg = Debug|Any CPU
		{805251B5-D40B-4920-B725-6C92B4C9DBE2}.Debug|x86.Build.0 = Debug|Any CPU
		{805251B5-D40B-4920-B725-6C92B4C9DBE2}.Release|Any CPU.ActiveCfg = Release|Any CPU
		{805251B5-D40B-4920-B725-6C92B4C9DBE2}.Release|Any CPU.Build.0 = Release|Any CPU
		{805251B5-D40B-4920-B725-6C92B4C9DBE2}.Release|x64.ActiveCfg = Release|Any CPU
		{805251B5-D40B-4920-B725-6C92B4C9DBE2}.Release|x64.Build.0 = Release|Any CPU
		{805251B5-D40B-4920-B725-6C92B4C9DBE2}.Release|x86.ActiveCfg = Release|Any CPU
		{805251B5-D40B-4920-B725-6C92B4C9DBE2}.Release|x86.Build.0 = Release|Any CPU
		{AE11BDA6-8A50-405C-A5F2-54EFCD3C76F9}.Debug|Any CPU.ActiveCfg = Debug|Any CPU
		{AE11BDA6-8A50-405C-A5F2-54EFCD3C76F9}.Debug|Any CPU.Build.0 = Debug|Any CPU
		{AE11BDA6-8A50-405C-A5F2-54EFCD3C76F9}.Debug|x64.ActiveCfg = Debug|Any CPU
		{AE11BDA6-8A50-405C-A5F2-54EFCD3C76F9}.Debug|x64.Build.0 = Debug|Any CPU
		{AE11BDA6-8A50-405C-A5F2-54EFCD3C76F9}.Debug|x86.ActiveCfg = Debug|Any CPU
		{AE11BDA6-8A50-405C-A5F2-54EFCD3C76F9}.Debug|x86.Build.0 = Debug|Any CPU
		{AE11BDA6-8A50-405C-A5F2-54EFCD3C76F9}.Release|Any CPU.ActiveCfg = Release|Any CPU
		{AE11BDA6-8A50-405C-A5F2-54EFCD3C76F9}.Release|Any CPU.Build.0 = Release|Any CPU
		{AE11BDA6-8A50-405C-A5F2-54EFCD3C76F9}.Release|x64.ActiveCfg = Release|Any CPU
		{AE11BDA6-8A50-405C-A5F2-54EFCD3C76F9}.Release|x64.Build.0 = Release|Any CPU
		{AE11BDA6-8A50-405C-A5F2-54EFCD3C76F9}.Release|x86.ActiveCfg = Release|Any CPU
		{AE11BDA6-8A50-405C-A5F2-54EFCD3C76F9}.Release|x86.Build.0 = Release|Any CPU
		{BF771C7A-78C3-4775-963C-A5632426CA1A}.Debug|Any CPU.ActiveCfg = Debug|Any CPU
		{BF771C7A-78C3-4775-963C-A5632426CA1A}.Debug|Any CPU.Build.0 = Debug|Any CPU
		{BF771C7A-78C3-4775-963C-A5632426CA1A}.Debug|x64.ActiveCfg = Debug|Any CPU
		{BF771C7A-78C3-4775-963C-A5632426CA1A}.Debug|x64.Build.0 = Debug|Any CPU
		{BF771C7A-78C3-4775-963C-A5632426CA1A}.Debug|x86.ActiveCfg = Debug|Any CPU
		{BF771C7A-78C3-4775-963C-A5632426CA1A}.Debug|x86.Build.0 = Debug|Any CPU
		{BF771C7A-78C3-4775-963C-A5632426CA1A}.Release|Any CPU.ActiveCfg = Release|Any CPU
		{BF771C7A-78C3-4775-963C-A5632426CA1A}.Release|Any CPU.Build.0 = Release|Any CPU
		{BF771C7A-78C3-4775-963C-A5632426CA1A}.Release|x64.ActiveCfg = Release|Any CPU
		{BF771C7A-78C3-4775-963C-A5632426CA1A}.Release|x64.Build.0 = Release|Any CPU
		{BF771C7A-78C3-4775-963C-A5632426CA1A}.Release|x86.ActiveCfg = Release|Any CPU
		{BF771C7A-78C3-4775-963C-A5632426CA1A}.Release|x86.Build.0 = Release|Any CPU
		{BB1E309D-A937-4E41-B8A3-C2F52AE509CD}.Debug|Any CPU.ActiveCfg = Debug|Any CPU
		{BB1E309D-A937-4E41-B8A3-C2F52AE509CD}.Debug|Any CPU.Build.0 = Debug|Any CPU
		{BB1E309D-A937-4E41-B8A3-C2F52AE509CD}.Debug|x64.ActiveCfg = Debug|Any CPU
		{BB1E309D-A937-4E41-B8A3-C2F52AE509CD}.Debug|x64.Build.0 = Debug|Any CPU
		{BB1E309D-A937-4E41-B8A3-C2F52AE509CD}.Debug|x86.ActiveCfg = Debug|Any CPU
		{BB1E309D-A937-4E41-B8A3-C2F52AE509CD}.Debug|x86.Build.0 = Debug|Any CPU
		{BB1E309D-A937-4E41-B8A3-C2F52AE509CD}.Release|Any CPU.ActiveCfg = Release|Any CPU
		{BB1E309D-A937-4E41-B8A3-C2F52AE509CD}.Release|Any CPU.Build.0 = Release|Any CPU
		{BB1E309D-A937-4E41-B8A3-C2F52AE509CD}.Release|x64.ActiveCfg = Release|Any CPU
		{BB1E309D-A937-4E41-B8A3-C2F52AE509CD}.Release|x64.Build.0 = Release|Any CPU
		{BB1E309D-A937-4E41-B8A3-C2F52AE509CD}.Release|x86.ActiveCfg = Release|Any CPU
		{BB1E309D-A937-4E41-B8A3-C2F52AE509CD}.Release|x86.Build.0 = Release|Any CPU
		{36760764-DC79-4857-8500-9BD7CF77101E}.Debug|Any CPU.ActiveCfg = Debug|Any CPU
		{36760764-DC79-4857-8500-9BD7CF77101E}.Debug|Any CPU.Build.0 = Debug|Any CPU
		{36760764-DC79-4857-8500-9BD7CF77101E}.Debug|x64.ActiveCfg = Debug|Any CPU
		{36760764-DC79-4857-8500-9BD7CF77101E}.Debug|x64.Build.0 = Debug|Any CPU
		{36760764-DC79-4857-8500-9BD7CF77101E}.Debug|x86.ActiveCfg = Debug|Any CPU
		{36760764-DC79-4857-8500-9BD7CF77101E}.Debug|x86.Build.0 = Debug|Any CPU
		{36760764-DC79-4857-8500-9BD7CF77101E}.Release|Any CPU.ActiveCfg = Release|Any CPU
		{36760764-DC79-4857-8500-9BD7CF77101E}.Release|Any CPU.Build.0 = Release|Any CPU
		{36760764-DC79-4857-8500-9BD7CF77101E}.Release|x64.ActiveCfg = Release|Any CPU
		{36760764-DC79-4857-8500-9BD7CF77101E}.Release|x64.Build.0 = Release|Any CPU
		{36760764-DC79-4857-8500-9BD7CF77101E}.Release|x86.ActiveCfg = Release|Any CPU
		{36760764-DC79-4857-8500-9BD7CF77101E}.Release|x86.Build.0 = Release|Any CPU
		{9E6E96F8-C900-4374-A7A3-93481F733379}.Debug|Any CPU.ActiveCfg = Debug|Any CPU
		{9E6E96F8-C900-4374-A7A3-93481F733379}.Debug|Any CPU.Build.0 = Debug|Any CPU
		{9E6E96F8-C900-4374-A7A3-93481F733379}.Debug|x64.ActiveCfg = Debug|Any CPU
		{9E6E96F8-C900-4374-A7A3-93481F733379}.Debug|x64.Build.0 = Debug|Any CPU
		{9E6E96F8-C900-4374-A7A3-93481F733379}.Debug|x86.ActiveCfg = Debug|Any CPU
		{9E6E96F8-C900-4374-A7A3-93481F733379}.Debug|x86.Build.0 = Debug|Any CPU
		{9E6E96F8-C900-4374-A7A3-93481F733379}.Release|Any CPU.ActiveCfg = Release|Any CPU
		{9E6E96F8-C900-4374-A7A3-93481F733379}.Release|Any CPU.Build.0 = Release|Any CPU
		{9E6E96F8-C900-4374-A7A3-93481F733379}.Release|x64.ActiveCfg = Release|Any CPU
		{9E6E96F8-C900-4374-A7A3-93481F733379}.Release|x64.Build.0 = Release|Any CPU
		{9E6E96F8-C900-4374-A7A3-93481F733379}.Release|x86.ActiveCfg = Release|Any CPU
		{9E6E96F8-C900-4374-A7A3-93481F733379}.Release|x86.Build.0 = Release|Any CPU
		{F22C3E06-1B62-4516-AFC8-11F9B706206D}.Debug|Any CPU.ActiveCfg = Debug|Any CPU
		{F22C3E06-1B62-4516-AFC8-11F9B706206D}.Debug|Any CPU.Build.0 = Debug|Any CPU
		{F22C3E06-1B62-4516-AFC8-11F9B706206D}.Debug|x64.ActiveCfg = Debug|Any CPU
		{F22C3E06-1B62-4516-AFC8-11F9B706206D}.Debug|x64.Build.0 = Debug|Any CPU
		{F22C3E06-1B62-4516-AFC8-11F9B706206D}.Debug|x86.ActiveCfg = Debug|Any CPU
		{F22C3E06-1B62-4516-AFC8-11F9B706206D}.Debug|x86.Build.0 = Debug|Any CPU
		{F22C3E06-1B62-4516-AFC8-11F9B706206D}.Release|Any CPU.ActiveCfg = Release|Any CPU
		{F22C3E06-1B62-4516-AFC8-11F9B706206D}.Release|Any CPU.Build.0 = Release|Any CPU
		{F22C3E06-1B62-4516-AFC8-11F9B706206D}.Release|x64.ActiveCfg = Release|Any CPU
		{F22C3E06-1B62-4516-AFC8-11F9B706206D}.Release|x64.Build.0 = Release|Any CPU
		{F22C3E06-1B62-4516-AFC8-11F9B706206D}.Release|x86.ActiveCfg = Release|Any CPU
		{F22C3E06-1B62-4516-AFC8-11F9B706206D}.Release|x86.Build.0 = Release|Any CPU
		{AAE10F2E-F7B0-4487-BEDE-274CE74CA55E}.Debug|Any CPU.ActiveCfg = Debug|Any CPU
		{AAE10F2E-F7B0-4487-BEDE-274CE74CA55E}.Debug|Any CPU.Build.0 = Debug|Any CPU
		{AAE10F2E-F7B0-4487-BEDE-274CE74CA55E}.Debug|x64.ActiveCfg = Debug|Any CPU
		{AAE10F2E-F7B0-4487-BEDE-274CE74CA55E}.Debug|x64.Build.0 = Debug|Any CPU
		{AAE10F2E-F7B0-4487-BEDE-274CE74CA55E}.Debug|x86.ActiveCfg = Debug|Any CPU
		{AAE10F2E-F7B0-4487-BEDE-274CE74CA55E}.Debug|x86.Build.0 = Debug|Any CPU
		{AAE10F2E-F7B0-4487-BEDE-274CE74CA55E}.Release|Any CPU.ActiveCfg = Release|Any CPU
		{AAE10F2E-F7B0-4487-BEDE-274CE74CA55E}.Release|Any CPU.Build.0 = Release|Any CPU
		{AAE10F2E-F7B0-4487-BEDE-274CE74CA55E}.Release|x64.ActiveCfg = Release|Any CPU
		{AAE10F2E-F7B0-4487-BEDE-274CE74CA55E}.Release|x64.Build.0 = Release|Any CPU
		{AAE10F2E-F7B0-4487-BEDE-274CE74CA55E}.Release|x86.ActiveCfg = Release|Any CPU
		{AAE10F2E-F7B0-4487-BEDE-274CE74CA55E}.Release|x86.Build.0 = Release|Any CPU
		{481B43E1-2183-4B34-8994-FFF58EA3B108}.Debug|Any CPU.ActiveCfg = Debug|Any CPU
		{481B43E1-2183-4B34-8994-FFF58EA3B108}.Debug|Any CPU.Build.0 = Debug|Any CPU
		{481B43E1-2183-4B34-8994-FFF58EA3B108}.Debug|x64.ActiveCfg = Debug|Any CPU
		{481B43E1-2183-4B34-8994-FFF58EA3B108}.Debug|x64.Build.0 = Debug|Any CPU
		{481B43E1-2183-4B34-8994-FFF58EA3B108}.Debug|x86.ActiveCfg = Debug|Any CPU
		{481B43E1-2183-4B34-8994-FFF58EA3B108}.Debug|x86.Build.0 = Debug|Any CPU
		{481B43E1-2183-4B34-8994-FFF58EA3B108}.Release|Any CPU.ActiveCfg = Release|Any CPU
		{481B43E1-2183-4B34-8994-FFF58EA3B108}.Release|Any CPU.Build.0 = Release|Any CPU
		{481B43E1-2183-4B34-8994-FFF58EA3B108}.Release|x64.ActiveCfg = Release|Any CPU
		{481B43E1-2183-4B34-8994-FFF58EA3B108}.Release|x64.Build.0 = Release|Any CPU
		{481B43E1-2183-4B34-8994-FFF58EA3B108}.Release|x86.ActiveCfg = Release|Any CPU
		{481B43E1-2183-4B34-8994-FFF58EA3B108}.Release|x86.Build.0 = Release|Any CPU
		{8FE5F6A4-92B5-4041-B659-50C032EBB965}.Debug|Any CPU.ActiveCfg = Debug|Any CPU
		{8FE5F6A4-92B5-4041-B659-50C032EBB965}.Debug|Any CPU.Build.0 = Debug|Any CPU
		{8FE5F6A4-92B5-4041-B659-50C032EBB965}.Debug|x64.ActiveCfg = Debug|Any CPU
		{8FE5F6A4-92B5-4041-B659-50C032EBB965}.Debug|x64.Build.0 = Debug|Any CPU
		{8FE5F6A4-92B5-4041-B659-50C032EBB965}.Debug|x86.ActiveCfg = Debug|Any CPU
		{8FE5F6A4-92B5-4041-B659-50C032EBB965}.Debug|x86.Build.0 = Debug|Any CPU
		{8FE5F6A4-92B5-4041-B659-50C032EBB965}.Release|Any CPU.ActiveCfg = Release|Any CPU
		{8FE5F6A4-92B5-4041-B659-50C032EBB965}.Release|Any CPU.Build.0 = Release|Any CPU
		{8FE5F6A4-92B5-4041-B659-50C032EBB965}.Release|x64.ActiveCfg = Release|Any CPU
		{8FE5F6A4-92B5-4041-B659-50C032EBB965}.Release|x64.Build.0 = Release|Any CPU
		{8FE5F6A4-92B5-4041-B659-50C032EBB965}.Release|x86.ActiveCfg = Release|Any CPU
		{8FE5F6A4-92B5-4041-B659-50C032EBB965}.Release|x86.Build.0 = Release|Any CPU
		{D922B3BB-3823-4506-BC8B-7C682B7F8AB9}.Debug|Any CPU.ActiveCfg = Debug|Any CPU
		{D922B3BB-3823-4506-BC8B-7C682B7F8AB9}.Debug|Any CPU.Build.0 = Debug|Any CPU
		{D922B3BB-3823-4506-BC8B-7C682B7F8AB9}.Debug|x64.ActiveCfg = Debug|Any CPU
		{D922B3BB-3823-4506-BC8B-7C682B7F8AB9}.Debug|x64.Build.0 = Debug|Any CPU
		{D922B3BB-3823-4506-BC8B-7C682B7F8AB9}.Debug|x86.ActiveCfg = Debug|Any CPU
		{D922B3BB-3823-4506-BC8B-7C682B7F8AB9}.Debug|x86.Build.0 = Debug|Any CPU
		{D922B3BB-3823-4506-BC8B-7C682B7F8AB9}.Release|Any CPU.ActiveCfg = Release|Any CPU
		{D922B3BB-3823-4506-BC8B-7C682B7F8AB9}.Release|Any CPU.Build.0 = Release|Any CPU
		{D922B3BB-3823-4506-BC8B-7C682B7F8AB9}.Release|x64.ActiveCfg = Release|Any CPU
		{D922B3BB-3823-4506-BC8B-7C682B7F8AB9}.Release|x64.Build.0 = Release|Any CPU
		{D922B3BB-3823-4506-BC8B-7C682B7F8AB9}.Release|x86.ActiveCfg = Release|Any CPU
		{D922B3BB-3823-4506-BC8B-7C682B7F8AB9}.Release|x86.Build.0 = Release|Any CPU
		{84A958E6-C1DA-42C4-88E5-EBF4E3E632FE}.Debug|Any CPU.ActiveCfg = Debug|Any CPU
		{84A958E6-C1DA-42C4-88E5-EBF4E3E632FE}.Debug|Any CPU.Build.0 = Debug|Any CPU
		{84A958E6-C1DA-42C4-88E5-EBF4E3E632FE}.Debug|x64.ActiveCfg = Debug|Any CPU
		{84A958E6-C1DA-42C4-88E5-EBF4E3E632FE}.Debug|x64.Build.0 = Debug|Any CPU
		{84A958E6-C1DA-42C4-88E5-EBF4E3E632FE}.Debug|x86.ActiveCfg = Debug|Any CPU
		{84A958E6-C1DA-42C4-88E5-EBF4E3E632FE}.Debug|x86.Build.0 = Debug|Any CPU
		{84A958E6-C1DA-42C4-88E5-EBF4E3E632FE}.Release|Any CPU.ActiveCfg = Release|Any CPU
		{84A958E6-C1DA-42C4-88E5-EBF4E3E632FE}.Release|Any CPU.Build.0 = Release|Any CPU
		{84A958E6-C1DA-42C4-88E5-EBF4E3E632FE}.Release|x64.ActiveCfg = Release|Any CPU
		{84A958E6-C1DA-42C4-88E5-EBF4E3E632FE}.Release|x64.Build.0 = Release|Any CPU
		{84A958E6-C1DA-42C4-88E5-EBF4E3E632FE}.Release|x86.ActiveCfg = Release|Any CPU
		{84A958E6-C1DA-42C4-88E5-EBF4E3E632FE}.Release|x86.Build.0 = Release|Any CPU
		{75A0C673-E1D8-4FCE-8804-95E4F0630200}.Debug|Any CPU.ActiveCfg = Debug|Any CPU
		{75A0C673-E1D8-4FCE-8804-95E4F0630200}.Debug|Any CPU.Build.0 = Debug|Any CPU
		{75A0C673-E1D8-4FCE-8804-95E4F0630200}.Debug|x64.ActiveCfg = Debug|Any CPU
		{75A0C673-E1D8-4FCE-8804-95E4F0630200}.Debug|x64.Build.0 = Debug|Any CPU
		{75A0C673-E1D8-4FCE-8804-95E4F0630200}.Debug|x86.ActiveCfg = Debug|Any CPU
		{75A0C673-E1D8-4FCE-8804-95E4F0630200}.Debug|x86.Build.0 = Debug|Any CPU
		{75A0C673-E1D8-4FCE-8804-95E4F0630200}.Release|Any CPU.ActiveCfg = Release|Any CPU
		{75A0C673-E1D8-4FCE-8804-95E4F0630200}.Release|Any CPU.Build.0 = Release|Any CPU
		{75A0C673-E1D8-4FCE-8804-95E4F0630200}.Release|x64.ActiveCfg = Release|Any CPU
		{75A0C673-E1D8-4FCE-8804-95E4F0630200}.Release|x64.Build.0 = Release|Any CPU
		{75A0C673-E1D8-4FCE-8804-95E4F0630200}.Release|x86.ActiveCfg = Release|Any CPU
		{75A0C673-E1D8-4FCE-8804-95E4F0630200}.Release|x86.Build.0 = Release|Any CPU
	EndGlobalSection
	GlobalSection(SolutionProperties) = preSolution
		HideSolutionNode = FALSE
	EndGlobalSection
	GlobalSection(NestedProjects) = preSolution
		{5AF53BD9-A085-4550-8F78-98CCFFFDCDA9} = {04BEFA57-85D7-404D-9720-55393023F118}
		{5CE5B624-B2B8-479C-8842-B70591B01124} = {04BEFA57-85D7-404D-9720-55393023F118}
		{B18AD53B-9550-489B-A814-E2783D865D9C} = {04BEFA57-85D7-404D-9720-55393023F118}
		{463C349B-D895-4191-B1FD-C507B16B6A8C} = {04BEFA57-85D7-404D-9720-55393023F118}
		{34BE4547-F57E-473C-A4D9-2EFEDAC6B87E} = {04BEFA57-85D7-404D-9720-55393023F118}
		{D225EA72-F34A-4AC6-9016-91F99D30DB81} = {04BEFA57-85D7-404D-9720-55393023F118}
		{26E617CD-C1D7-4EC2-AC9F-E3F4546B2202} = {04BEFA57-85D7-404D-9720-55393023F118}
		{DEAF0496-2E3D-4A76-B24E-0E672B21ED3F} = {04BEFA57-85D7-404D-9720-55393023F118}
		{B776A04B-C674-4A8B-88FC-2431034E8F78} = {04BEFA57-85D7-404D-9720-55393023F118}
		{82A11207-3CA9-47D2-9F1C-94FE057DABFE} = {04BEFA57-85D7-404D-9720-55393023F118}
		{7323B63A-6073-4A22-82F5-29023702F2C1} = {04BEFA57-85D7-404D-9720-55393023F118}
		{274E1BD3-627D-46BC-8281-5440D7703EBF} = {04BEFA57-85D7-404D-9720-55393023F118}
		{8E440DCB-FCBC-4308-AB3D-50C38D017A40} = {04BEFA57-85D7-404D-9720-55393023F118}
		{0C6D494A-036A-4CB6-AB07-61D8AC8C70CB} = {04BEFA57-85D7-404D-9720-55393023F118}
		{ED8A0C73-FA4E-4FAC-93F7-27C67A940628} = {04BEFA57-85D7-404D-9720-55393023F118}
		{DD2E08EE-0E64-4AB9-B8DC-03DE7E8B4E04} = {04BEFA57-85D7-404D-9720-55393023F118}
		{E2693237-D8F2-4E1C-B3C3-0B3ACFB73728} = {04BEFA57-85D7-404D-9720-55393023F118}
		{7D255150-76CB-4A65-AFEA-F88778ABF03B} = {04BEFA57-85D7-404D-9720-55393023F118}
		{0BB38D20-C3CF-47D7-8E2E-97195672AB67} = {04BEFA57-85D7-404D-9720-55393023F118}
		{FB4B7306-DECC-457C-8F4C-6CE946F753D6} = {04BEFA57-85D7-404D-9720-55393023F118}
		{7372311C-7A31-4D97-A2C0-FC005FC345C1} = {04BEFA57-85D7-404D-9720-55393023F118}
		{04BEFA57-85D7-404D-9720-55393023F118} = {812D8275-2791-4CEF-A4E8-39A78E49D8FB}
		{0B9A4542-3DFF-4862-973C-12308CBB2FAA} = {812D8275-2791-4CEF-A4E8-39A78E49D8FB}
		{0A17E1EE-3912-491F-A9DB-E5F72B36938D} = {0B9A4542-3DFF-4862-973C-12308CBB2FAA}
		{FFBD38E6-2CAE-4A9F-9E51-2A3CEFD82A0D} = {0B9A4542-3DFF-4862-973C-12308CBB2FAA}
		{72F0E73F-C5E7-4059-AE51-D285221A79F6} = {0B9A4542-3DFF-4862-973C-12308CBB2FAA}
		{9E580A41-AD4F-4106-AA50-EFDB46DEA40A} = {0B9A4542-3DFF-4862-973C-12308CBB2FAA}
		{6D1DE0A5-8E7D-403E-8470-F72BB06FD35A} = {0B9A4542-3DFF-4862-973C-12308CBB2FAA}
		{E1E76750-042A-4EB5-A753-402C5AD07780} = {0B9A4542-3DFF-4862-973C-12308CBB2FAA}
		{6494E133-B334-4183-AF63-1287AC4E9085} = {0B9A4542-3DFF-4862-973C-12308CBB2FAA}
		{24A7C9D4-042C-4687-ABAD-339F3C07CDDF} = {0B9A4542-3DFF-4862-973C-12308CBB2FAA}
		{8506EBB7-AAC4-49AF-ACAD-616D500ECF2A} = {0B9A4542-3DFF-4862-973C-12308CBB2FAA}
		{805251B5-D40B-4920-B725-6C92B4C9DBE2} = {0B9A4542-3DFF-4862-973C-12308CBB2FAA}
		{AE11BDA6-8A50-405C-A5F2-54EFCD3C76F9} = {0B9A4542-3DFF-4862-973C-12308CBB2FAA}
		{BF771C7A-78C3-4775-963C-A5632426CA1A} = {0B9A4542-3DFF-4862-973C-12308CBB2FAA}
		{BB1E309D-A937-4E41-B8A3-C2F52AE509CD} = {0B9A4542-3DFF-4862-973C-12308CBB2FAA}
		{36760764-DC79-4857-8500-9BD7CF77101E} = {0B9A4542-3DFF-4862-973C-12308CBB2FAA}
		{9E6E96F8-C900-4374-A7A3-93481F733379} = {0B9A4542-3DFF-4862-973C-12308CBB2FAA}
		{F22C3E06-1B62-4516-AFC8-11F9B706206D} = {0B9A4542-3DFF-4862-973C-12308CBB2FAA}
		{AAE10F2E-F7B0-4487-BEDE-274CE74CA55E} = {0B9A4542-3DFF-4862-973C-12308CBB2FAA}
		{481B43E1-2183-4B34-8994-FFF58EA3B108} = {0B9A4542-3DFF-4862-973C-12308CBB2FAA}
		{8FE5F6A4-92B5-4041-B659-50C032EBB965} = {0B9A4542-3DFF-4862-973C-12308CBB2FAA}
		{D922B3BB-3823-4506-BC8B-7C682B7F8AB9} = {0B9A4542-3DFF-4862-973C-12308CBB2FAA}
		{84A958E6-C1DA-42C4-88E5-EBF4E3E632FE} = {0B9A4542-3DFF-4862-973C-12308CBB2FAA}
	EndGlobalSection
	GlobalSection(ExtensibilityGlobals) = postSolution
		SolutionGuid = {8EE774F1-5FBF-482A-9A31-5ABDEC216DEF}
	EndGlobalSection
EndGlobal
